// !$*UTF8*$!
{
	archiveVersion = 1;
	classes = {
	};
	objectVersion = 56;
	objects = {

/* Begin PBXBuildFile section */
		EA87E7382A71FFF500FE99F5 /* AppDelegate.swift in Sources */ = {isa = PBXBuildFile; fileRef = EA87E7372A71FFF500FE99F5 /* AppDelegate.swift */; };
		EA87E73A2A71FFF500FE99F5 /* SceneDelegate.swift in Sources */ = {isa = PBXBuildFile; fileRef = EA87E7392A71FFF500FE99F5 /* SceneDelegate.swift */; };
		EA87E73C2A71FFF500FE99F5 /* ViewController.swift in Sources */ = {isa = PBXBuildFile; fileRef = EA87E73B2A71FFF500FE99F5 /* ViewController.swift */; };
		EA87E73F2A71FFF500FE99F5 /* Main.storyboard in Resources */ = {isa = PBXBuildFile; fileRef = EA87E73D2A71FFF500FE99F5 /* Main.storyboard */; };
		EA87E7412A71FFF600FE99F5 /* Assets.xcassets in Resources */ = {isa = PBXBuildFile; fileRef = EA87E7402A71FFF600FE99F5 /* Assets.xcassets */; };
		EA87E7442A71FFF600FE99F5 /* LaunchScreen.storyboard in Resources */ = {isa = PBXBuildFile; fileRef = EA87E7422A71FFF600FE99F5 /* LaunchScreen.storyboard */; };
		EA87E74C2A720FEB00FE99F5 /* TodoTableViewController.swift in Sources */ = {isa = PBXBuildFile; fileRef = EA87E74B2A720FEB00FE99F5 /* TodoTableViewController.swift */; };
		EA87E74E2A7232D900FE99F5 /* StudyTableViewController.swift in Sources */ = {isa = PBXBuildFile; fileRef = EA87E74D2A7232D900FE99F5 /* StudyTableViewController.swift */; };
		EA87E7502A72496800FE99F5 /* Extension.swift in Sources */ = {isa = PBXBuildFile; fileRef = EA87E74F2A72496800FE99F5 /* Extension.swift */; };
		EA87E7522A72517600FE99F5 /* Setting.storyboard in Resources */ = {isa = PBXBuildFile; fileRef = EA87E7512A72517600FE99F5 /* Setting.storyboard */; };
		EA87E7552A725ABC00FE99F5 /* Case2TableViewController.swift in Sources */ = {isa = PBXBuildFile; fileRef = EA87E7542A725ABC00FE99F5 /* Case2TableViewController.swift */; };
		EA87E7572A725EB100FE99F5 /* Setting.swift in Sources */ = {isa = PBXBuildFile; fileRef = EA87E7562A725EB100FE99F5 /* Setting.swift */; };
		EA87E7592A72C82E00FE99F5 /* Case3ViewController.swift in Sources */ = {isa = PBXBuildFile; fileRef = EA87E7582A72C82E00FE99F5 /* Case3ViewController.swift */; };
		EA87E75D2A72C9A300FE99F5 /* Todo.swift in Sources */ = {isa = PBXBuildFile; fileRef = EA87E75C2A72C9A300FE99F5 /* Todo.swift */; };
/* End PBXBuildFile section */

/* Begin PBXFileReference section */
		EA87E7342A71FFF500FE99F5 /* SeSACWeek3.app */ = {isa = PBXFileReference; explicitFileType = wrapper.application; includeInIndex = 0; path = SeSACWeek3.app; sourceTree = BUILT_PRODUCTS_DIR; };
		EA87E7372A71FFF500FE99F5 /* AppDelegate.swift */ = {isa = PBXFileReference; lastKnownFileType = sourcecode.swift; path = AppDelegate.swift; sourceTree = "<group>"; };
		EA87E7392A71FFF500FE99F5 /* SceneDelegate.swift */ = {isa = PBXFileReference; lastKnownFileType = sourcecode.swift; path = SceneDelegate.swift; sourceTree = "<group>"; };
		EA87E73B2A71FFF500FE99F5 /* ViewController.swift */ = {isa = PBXFileReference; lastKnownFileType = sourcecode.swift; path = ViewController.swift; sourceTree = "<group>"; };
		EA87E73E2A71FFF500FE99F5 /* Base */ = {isa = PBXFileReference; lastKnownFileType = file.storyboard; name = Base; path = Base.lproj/Main.storyboard; sourceTree = "<group>"; };
		EA87E7402A71FFF600FE99F5 /* Assets.xcassets */ = {isa = PBXFileReference; lastKnownFileType = folder.assetcatalog; path = Assets.xcassets; sourceTree = "<group>"; };
		EA87E7432A71FFF600FE99F5 /* Base */ = {isa = PBXFileReference; lastKnownFileType = file.storyboard; name = Base; path = Base.lproj/LaunchScreen.storyboard; sourceTree = "<group>"; };
		EA87E7452A71FFF600FE99F5 /* Info.plist */ = {isa = PBXFileReference; lastKnownFileType = text.plist.xml; path = Info.plist; sourceTree = "<group>"; };
		EA87E74B2A720FEB00FE99F5 /* TodoTableViewController.swift */ = {isa = PBXFileReference; lastKnownFileType = sourcecode.swift; path = TodoTableViewController.swift; sourceTree = "<group>"; };
		EA87E74D2A7232D900FE99F5 /* StudyTableViewController.swift */ = {isa = PBXFileReference; lastKnownFileType = sourcecode.swift; path = StudyTableViewController.swift; sourceTree = "<group>"; };
		EA87E74F2A72496800FE99F5 /* Extension.swift */ = {isa = PBXFileReference; lastKnownFileType = sourcecode.swift; path = Extension.swift; sourceTree = "<group>"; };
		EA87E7512A72517600FE99F5 /* Setting.storyboard */ = {isa = PBXFileReference; lastKnownFileType = file.storyboard; path = Setting.storyboard; sourceTree = "<group>"; };
		EA87E7542A725ABC00FE99F5 /* Case2TableViewController.swift */ = {isa = PBXFileReference; lastKnownFileType = sourcecode.swift; path = Case2TableViewController.swift; sourceTree = "<group>"; };
		EA87E7562A725EB100FE99F5 /* Setting.swift */ = {isa = PBXFileReference; lastKnownFileType = sourcecode.swift; path = Setting.swift; sourceTree = "<group>"; };
		EA87E7582A72C82E00FE99F5 /* Case3ViewController.swift */ = {isa = PBXFileReference; lastKnownFileType = sourcecode.swift; path = Case3ViewController.swift; sourceTree = "<group>"; };
		EA87E75C2A72C9A300FE99F5 /* Todo.swift */ = {isa = PBXFileReference; lastKnownFileType = sourcecode.swift; path = Todo.swift; sourceTree = "<group>"; };
/* End PBXFileReference section */

/* Begin PBXFrameworksBuildPhase section */
		EA87E7312A71FFF500FE99F5 /* Frameworks */ = {
			isa = PBXFrameworksBuildPhase;
			buildActionMask = 2147483647;
			files = (
			);
			runOnlyForDeploymentPostprocessing = 0;
		};
/* End PBXFrameworksBuildPhase section */

/* Begin PBXGroup section */
		EA87E72B2A71FFF500FE99F5 = {
			isa = PBXGroup;
			children = (
				EA87E7362A71FFF500FE99F5 /* SeSACWeek3 */,
				EA87E7352A71FFF500FE99F5 /* Products */,
			);
			sourceTree = "<group>";
		};
		EA87E7352A71FFF500FE99F5 /* Products */ = {
			isa = PBXGroup;
			children = (
				EA87E7342A71FFF500FE99F5 /* SeSACWeek3.app */,
			);
			name = Products;
			sourceTree = "<group>";
		};
		EA87E7362A71FFF500FE99F5 /* SeSACWeek3 */ = {
			isa = PBXGroup;
			children = (
				EA87E7372A71FFF500FE99F5 /* AppDelegate.swift */,
				EA87E7392A71FFF500FE99F5 /* SceneDelegate.swift */,
				EA87E73B2A71FFF500FE99F5 /* ViewController.swift */,
				EA87E73D2A71FFF500FE99F5 /* Main.storyboard */,
				EA87E74B2A720FEB00FE99F5 /* TodoTableViewController.swift */,
				EA87E74D2A7232D900FE99F5 /* StudyTableViewController.swift */,
				EA87E7532A7251A800FE99F5 /* Assignment */,
				EA87E7402A71FFF600FE99F5 /* Assets.xcassets */,
				EA87E7422A71FFF600FE99F5 /* LaunchScreen.storyboard */,
				EA87E74F2A72496800FE99F5 /* Extension.swift */,
				EA87E7452A71FFF600FE99F5 /* Info.plist */,
			);
			path = SeSACWeek3;
			sourceTree = "<group>";
		};
		EA87E7532A7251A800FE99F5 /* Assignment */ = {
			isa = PBXGroup;
			children = (
				EA87E7512A72517600FE99F5 /* Setting.storyboard */,
				EA87E7582A72C82E00FE99F5 /* Case3ViewController.swift */,
				EA87E75C2A72C9A300FE99F5 /* Todo.swift */,
				EA87E7542A725ABC00FE99F5 /* Case2TableViewController.swift */,
				EA87E7562A725EB100FE99F5 /* Setting.swift */,
			);
			path = Assignment;
			sourceTree = "<group>";
		};
/* End PBXGroup section */

/* Begin PBXNativeTarget section */
		EA87E7332A71FFF500FE99F5 /* SeSACWeek3 */ = {
			isa = PBXNativeTarget;
			buildConfigurationList = EA87E7482A71FFF600FE99F5 /* Build configuration list for PBXNativeTarget "SeSACWeek3" */;
			buildPhases = (
				EA87E7302A71FFF500FE99F5 /* Sources */,
				EA87E7312A71FFF500FE99F5 /* Frameworks */,
				EA87E7322A71FFF500FE99F5 /* Resources */,
			);
			buildRules = (
			);
			dependencies = (
			);
			name = SeSACWeek3;
			productName = SeSACWeek3;
			productReference = EA87E7342A71FFF500FE99F5 /* SeSACWeek3.app */;
			productType = "com.apple.product-type.application";
		};
/* End PBXNativeTarget section */

/* Begin PBXProject section */
		EA87E72C2A71FFF500FE99F5 /* Project object */ = {
			isa = PBXProject;
			attributes = {
				BuildIndependentTargetsInParallel = 1;
				LastSwiftUpdateCheck = 1430;
				LastUpgradeCheck = 1430;
				TargetAttributes = {
					EA87E7332A71FFF500FE99F5 = {
						CreatedOnToolsVersion = 14.3.1;
					};
				};
			};
			buildConfigurationList = EA87E72F2A71FFF500FE99F5 /* Build configuration list for PBXProject "SeSACWeek3" */;
			compatibilityVersion = "Xcode 14.0";
			developmentRegion = en;
			hasScannedForEncodings = 0;
			knownRegions = (
				en,
				Base,
			);
			mainGroup = EA87E72B2A71FFF500FE99F5;
			productRefGroup = EA87E7352A71FFF500FE99F5 /* Products */;
			projectDirPath = "";
			projectRoot = "";
			targets = (
				EA87E7332A71FFF500FE99F5 /* SeSACWeek3 */,
			);
		};
/* End PBXProject section */

/* Begin PBXResourcesBuildPhase section */
		EA87E7322A71FFF500FE99F5 /* Resources */ = {
			isa = PBXResourcesBuildPhase;
			buildActionMask = 2147483647;
			files = (
				EA87E7442A71FFF600FE99F5 /* LaunchScreen.storyboard in Resources */,
				EA87E7412A71FFF600FE99F5 /* Assets.xcassets in Resources */,
				EA87E73F2A71FFF500FE99F5 /* Main.storyboard in Resources */,
				EA87E7522A72517600FE99F5 /* Setting.storyboard in Resources */,
			);
			runOnlyForDeploymentPostprocessing = 0;
		};
/* End PBXResourcesBuildPhase section */

/* Begin PBXSourcesBuildPhase section */
		EA87E7302A71FFF500FE99F5 /* Sources */ = {
			isa = PBXSourcesBuildPhase;
			buildActionMask = 2147483647;
			files = (
				EA87E73C2A71FFF500FE99F5 /* ViewController.swift in Sources */,
				EA87E74C2A720FEB00FE99F5 /* TodoTableViewController.swift in Sources */,
				EA87E7552A725ABC00FE99F5 /* Case2TableViewController.swift in Sources */,
				EA87E74E2A7232D900FE99F5 /* StudyTableViewController.swift in Sources */,
				EA87E7502A72496800FE99F5 /* Extension.swift in Sources */,
				EA87E7592A72C82E00FE99F5 /* Case3ViewController.swift in Sources */,
				EA87E7382A71FFF500FE99F5 /* AppDelegate.swift in Sources */,
				EA87E7572A725EB100FE99F5 /* Setting.swift in Sources */,
				EA87E73A2A71FFF500FE99F5 /* SceneDelegate.swift in Sources */,
				EA87E75D2A72C9A300FE99F5 /* Todo.swift in Sources */,
			);
			runOnlyForDeploymentPostprocessing = 0;
		};
/* End PBXSourcesBuildPhase section */

/* Begin PBXVariantGroup section */
		EA87E73D2A71FFF500FE99F5 /* Main.storyboard */ = {
			isa = PBXVariantGroup;
			children = (
				EA87E73E2A71FFF500FE99F5 /* Base */,
			);
			name = Main.storyboard;
			sourceTree = "<group>";
		};
		EA87E7422A71FFF600FE99F5 /* LaunchScreen.storyboard */ = {
			isa = PBXVariantGroup;
			children = (
				EA87E7432A71FFF600FE99F5 /* Base */,
			);
			name = LaunchScreen.storyboard;
			sourceTree = "<group>";
		};
/* End PBXVariantGroup section */

/* Begin XCBuildConfiguration section */
		EA87E7462A71FFF600FE99F5 /* Debug */ = {
			isa = XCBuildConfiguration;
			buildSettings = {
				ALWAYS_SEARCH_USER_PATHS = NO;
				CLANG_ANALYZER_NONNULL = YES;
				CLANG_ANALYZER_NUMBER_OBJECT_CONVERSION = YES_AGGRESSIVE;
				CLANG_CXX_LANGUAGE_STANDARD = "gnu++20";
				CLANG_ENABLE_MODULES = YES;
				CLANG_ENABLE_OBJC_ARC = YES;
				CLANG_ENABLE_OBJC_WEAK = YES;
				CLANG_WARN_BLOCK_CAPTURE_AUTORELEASING = YES;
				CLANG_WARN_BOOL_CONVERSION = YES;
				CLANG_WARN_COMMA = YES;
				CLANG_WARN_CONSTANT_CONVERSION = YES;
				CLANG_WARN_DEPRECATED_OBJC_IMPLEMENTATIONS = YES;
				CLANG_WARN_DIRECT_OBJC_ISA_USAGE = YES_ERROR;
				CLANG_WARN_DOCUMENTATION_COMMENTS = YES;
				CLANG_WARN_EMPTY_BODY = YES;
				CLANG_WARN_ENUM_CONVERSION = YES;
				CLANG_WARN_INFINITE_RECURSION = YES;
				CLANG_WARN_INT_CONVERSION = YES;
				CLANG_WARN_NON_LITERAL_NULL_CONVERSION = YES;
				CLANG_WARN_OBJC_IMPLICIT_RETAIN_SELF = YES;
				CLANG_WARN_OBJC_LITERAL_CONVERSION = YES;
				CLANG_WARN_OBJC_ROOT_CLASS = YES_ERROR;
				CLANG_WARN_QUOTED_INCLUDE_IN_FRAMEWORK_HEADER = YES;
				CLANG_WARN_RANGE_LOOP_ANALYSIS = YES;
				CLANG_WARN_STRICT_PROTOTYPES = YES;
				CLANG_WARN_SUSPICIOUS_MOVE = YES;
				CLANG_WARN_UNGUARDED_AVAILABILITY = YES_AGGRESSIVE;
				CLANG_WARN_UNREACHABLE_CODE = YES;
				CLANG_WARN__DUPLICATE_METHOD_MATCH = YES;
				COPY_PHASE_STRIP = NO;
				DEBUG_INFORMATION_FORMAT = dwarf;
				ENABLE_STRICT_OBJC_MSGSEND = YES;
				ENABLE_TESTABILITY = YES;
				GCC_C_LANGUAGE_STANDARD = gnu11;
				GCC_DYNAMIC_NO_PIC = NO;
				GCC_NO_COMMON_BLOCKS = YES;
				GCC_OPTIMIZATION_LEVEL = 0;
				GCC_PREPROCESSOR_DEFINITIONS = (
					"DEBUG=1",
					"$(inherited)",
				);
				GCC_WARN_64_TO_32_BIT_CONVERSION = YES;
				GCC_WARN_ABOUT_RETURN_TYPE = YES_ERROR;
				GCC_WARN_UNDECLARED_SELECTOR = YES;
				GCC_WARN_UNINITIALIZED_AUTOS = YES_AGGRESSIVE;
				GCC_WARN_UNUSED_FUNCTION = YES;
				GCC_WARN_UNUSED_VARIABLE = YES;
				IPHONEOS_DEPLOYMENT_TARGET = 16.4;
				MTL_ENABLE_DEBUG_INFO = INCLUDE_SOURCE;
				MTL_FAST_MATH = YES;
				ONLY_ACTIVE_ARCH = YES;
				SDKROOT = iphoneos;
				SWIFT_ACTIVE_COMPILATION_CONDITIONS = DEBUG;
				SWIFT_OPTIMIZATION_LEVEL = "-Onone";
			};
			name = Debug;
		};
		EA87E7472A71FFF600FE99F5 /* Release */ = {
			isa = XCBuildConfiguration;
			buildSettings = {
				ALWAYS_SEARCH_USER_PATHS = NO;
				CLANG_ANALYZER_NONNULL = YES;
				CLANG_ANALYZER_NUMBER_OBJECT_CONVERSION = YES_AGGRESSIVE;
				CLANG_CXX_LANGUAGE_STANDARD = "gnu++20";
				CLANG_ENABLE_MODULES = YES;
				CLANG_ENABLE_OBJC_ARC = YES;
				CLANG_ENABLE_OBJC_WEAK = YES;
				CLANG_WARN_BLOCK_CAPTURE_AUTORELEASING = YES;
				CLANG_WARN_BOOL_CONVERSION = YES;
				CLANG_WARN_COMMA = YES;
				CLANG_WARN_CONSTANT_CONVERSION = YES;
				CLANG_WARN_DEPRECATED_OBJC_IMPLEMENTATIONS = YES;
				CLANG_WARN_DIRECT_OBJC_ISA_USAGE = YES_ERROR;
				CLANG_WARN_DOCUMENTATION_COMMENTS = YES;
				CLANG_WARN_EMPTY_BODY = YES;
				CLANG_WARN_ENUM_CONVERSION = YES;
				CLANG_WARN_INFINITE_RECURSION = YES;
				CLANG_WARN_INT_CONVERSION = YES;
				CLANG_WARN_NON_LITERAL_NULL_CONVERSION = YES;
				CLANG_WARN_OBJC_IMPLICIT_RETAIN_SELF = YES;
				CLANG_WARN_OBJC_LITERAL_CONVERSION = YES;
				CLANG_WARN_OBJC_ROOT_CLASS = YES_ERROR;
				CLANG_WARN_QUOTED_INCLUDE_IN_FRAMEWORK_HEADER = YES;
				CLANG_WARN_RANGE_LOOP_ANALYSIS = YES;
				CLANG_WARN_STRICT_PROTOTYPES = YES;
				CLANG_WARN_SUSPICIOUS_MOVE = YES;
				CLANG_WARN_UNGUARDED_AVAILABILITY = YES_AGGRESSIVE;
				CLANG_WARN_UNREACHABLE_CODE = YES;
				CLANG_WARN__DUPLICATE_METHOD_MATCH = YES;
				COPY_PHASE_STRIP = NO;
				DEBUG_INFORMATION_FORMAT = "dwarf-with-dsym";
				ENABLE_NS_ASSERTIONS = NO;
				ENABLE_STRICT_OBJC_MSGSEND = YES;
				GCC_C_LANGUAGE_STANDARD = gnu11;
				GCC_NO_COMMON_BLOCKS = YES;
				GCC_WARN_64_TO_32_BIT_CONVERSION = YES;
				GCC_WARN_ABOUT_RETURN_TYPE = YES_ERROR;
				GCC_WARN_UNDECLARED_SELECTOR = YES;
				GCC_WARN_UNINITIALIZED_AUTOS = YES_AGGRESSIVE;
				GCC_WARN_UNUSED_FUNCTION = YES;
				GCC_WARN_UNUSED_VARIABLE = YES;
				IPHONEOS_DEPLOYMENT_TARGET = 16.4;
				MTL_ENABLE_DEBUG_INFO = NO;
				MTL_FAST_MATH = YES;
				SDKROOT = iphoneos;
				SWIFT_COMPILATION_MODE = wholemodule;
				SWIFT_OPTIMIZATION_LEVEL = "-O";
				VALIDATE_PRODUCT = YES;
			};
			name = Release;
		};
		EA87E7492A71FFF600FE99F5 /* Debug */ = {
			isa = XCBuildConfiguration;
			buildSettings = {
				ASSETCATALOG_COMPILER_APPICON_NAME = AppIcon;
				ASSETCATALOG_COMPILER_GLOBAL_ACCENT_COLOR_NAME = AccentColor;
				CODE_SIGN_STYLE = Automatic;
				CURRENT_PROJECT_VERSION = 1;
				DEVELOPMENT_TEAM = R5LJ29W6V2;
				GENERATE_INFOPLIST_FILE = YES;
				INFOPLIST_FILE = SeSACWeek3/Info.plist;
				INFOPLIST_KEY_UIApplicationSupportsIndirectInputEvents = YES;
				INFOPLIST_KEY_UILaunchStoryboardName = LaunchScreen;
				INFOPLIST_KEY_UIMainStoryboardFile = Main;
				INFOPLIST_KEY_UISupportedInterfaceOrientations_iPad = "UIInterfaceOrientationPortrait UIInterfaceOrientationPortraitUpsideDown UIInterfaceOrientationLandscapeLeft UIInterfaceOrientationLandscapeRight";
				INFOPLIST_KEY_UISupportedInterfaceOrientations_iPhone = "UIInterfaceOrientationPortrait UIInterfaceOrientationLandscapeLeft UIInterfaceOrientationLandscapeRight";
				IPHONEOS_DEPLOYMENT_TARGET = 16.0;
				LD_RUNPATH_SEARCH_PATHS = (
					"$(inherited)",
					"@executable_path/Frameworks",
				);
				MARKETING_VERSION = 1.0;
				PRODUCT_BUNDLE_IDENTIFIER = com.chap.SeSACWeek3;
				PRODUCT_NAME = "$(TARGET_NAME)";
				SUPPORTED_PLATFORMS = "iphoneos iphonesimulator";
				SUPPORTS_MACCATALYST = NO;
				SUPPORTS_MAC_DESIGNED_FOR_IPHONE_IPAD = NO;
				SWIFT_EMIT_LOC_STRINGS = YES;
				SWIFT_VERSION = 5.0;
				TARGETED_DEVICE_FAMILY = 1;
			};
			name = Debug;
		};
		EA87E74A2A71FFF600FE99F5 /* Release */ = {
			isa = XCBuildConfiguration;
			buildSettings = {
				ASSETCATALOG_COMPILER_APPICON_NAME = AppIcon;
				ASSETCATALOG_COMPILER_GLOBAL_ACCENT_COLOR_NAME = AccentColor;
				CODE_SIGN_STYLE = Automatic;
				CURRENT_PROJECT_VERSION = 1;
				DEVELOPMENT_TEAM = R5LJ29W6V2;
				GENERATE_INFOPLIST_FILE = YES;
				INFOPLIST_FILE = SeSACWeek3/Info.plist;
				INFOPLIST_KEY_UIApplicationSupportsIndirectInputEvents = YES;
				INFOPLIST_KEY_UILaunchStoryboardName = LaunchScreen;
				INFOPLIST_KEY_UIMainStoryboardFile = Main;
				INFOPLIST_KEY_UISupportedInterfaceOrientations_iPad = "UIInterfaceOrientationPortrait UIInterfaceOrientationPortraitUpsideDown UIInterfaceOrientationLandscapeLeft UIInterfaceOrientationLandscapeRight";
				INFOPLIST_KEY_UISupportedInterfaceOrientations_iPhone = "UIInterfaceOrientationPortrait UIInterfaceOrientationLandscapeLeft UIInterfaceOrientationLandscapeRight";
				IPHONEOS_DEPLOYMENT_TARGET = 16.0;
				LD_RUNPATH_SEARCH_PATHS = (
					"$(inherited)",
					"@executable_path/Frameworks",
				);
				MARKETING_VERSION = 1.0;
				PRODUCT_BUNDLE_IDENTIFIER = com.chap.SeSACWeek3;
				PRODUCT_NAME = "$(TARGET_NAME)";
				SUPPORTED_PLATFORMS = "iphoneos iphonesimulator";
				SUPPORTS_MACCATALYST = NO;
				SUPPORTS_MAC_DESIGNED_FOR_IPHONE_IPAD = NO;
				SWIFT_EMIT_LOC_STRINGS = YES;
				SWIFT_VERSION = 5.0;
				TARGETED_DEVICE_FAMILY = 1;
			};
			name = Release;
		};
/* End XCBuildConfiguration section */

/* Begin XCConfigurationList section */
		EA87E72F2A71FFF500FE99F5 /* Build configuration list for PBXProject "SeSACWeek3" */ = {
			isa = XCConfigurationList;
			buildConfigurations = (
				EA87E7462A71FFF600FE99F5 /* Debug */,
				EA87E7472A71FFF600FE99F5 /* Release */,
			);
			defaultConfigurationIsVisible = 0;
			defaultConfigurationName = Release;
		};
		EA87E7482A71FFF600FE99F5 /* Build configuration list for PBXNativeTarget "SeSACWeek3" */ = {
			isa = XCConfigurationList;
			buildConfigurations = (
				EA87E7492A71FFF600FE99F5 /* Debug */,
				EA87E74A2A71FFF600FE99F5 /* Release */,
			);
			defaultConfigurationIsVisible = 0;
			defaultConfigurationName = Release;
		};
/* End XCConfigurationList section */
	};
	rootObject = EA87E72C2A71FFF500FE99F5 /* Project object */;
}
