// !$*UTF8*$!
{
	archiveVersion = 1;
	classes = {
	};
	objectVersion = 56;
	objects = {

/* Begin PBXBuildFile section */
		EA7E52792A9498750019D6B3 /* AppDelegate.swift in Sources */ = {isa = PBXBuildFile; fileRef = EA7E52782A9498750019D6B3 /* AppDelegate.swift */; };
		EA7E527B2A9498750019D6B3 /* SceneDelegate.swift in Sources */ = {isa = PBXBuildFile; fileRef = EA7E527A2A9498750019D6B3 /* SceneDelegate.swift */; };
		EA7E527D2A9498750019D6B3 /* ViewController.swift in Sources */ = {isa = PBXBuildFile; fileRef = EA7E527C2A9498750019D6B3 /* ViewController.swift */; };
		EA7E52802A9498750019D6B3 /* Main.storyboard in Resources */ = {isa = PBXBuildFile; fileRef = EA7E527E2A9498750019D6B3 /* Main.storyboard */; };
		EA7E52822A9498770019D6B3 /* Assets.xcassets in Resources */ = {isa = PBXBuildFile; fileRef = EA7E52812A9498770019D6B3 /* Assets.xcassets */; };
		EA7E52852A9498770019D6B3 /* LaunchScreen.storyboard in Resources */ = {isa = PBXBuildFile; fileRef = EA7E52832A9498770019D6B3 /* LaunchScreen.storyboard */; };
		EA7E528E2A949BAB0019D6B3 /* SnapKit in Frameworks */ = {isa = PBXBuildFile; productRef = EA7E528D2A949BAB0019D6B3 /* SnapKit */; };
		EA7E52902A94A5640019D6B3 /* Example1ViewController.swift in Sources */ = {isa = PBXBuildFile; fileRef = EA7E528F2A94A5640019D6B3 /* Example1ViewController.swift */; };
		EA7E52922A94A57A0019D6B3 /* Example2ViewController.swift in Sources */ = {isa = PBXBuildFile; fileRef = EA7E52912A94A57A0019D6B3 /* Example2ViewController.swift */; };
		EA7E52942A94A5800019D6B3 /* Example3ViewController.swift in Sources */ = {isa = PBXBuildFile; fileRef = EA7E52932A94A5800019D6B3 /* Example3ViewController.swift */; };
		EA7E52962A9549860019D6B3 /* PaddingLabel.swift in Sources */ = {isa = PBXBuildFile; fileRef = EA7E52952A9549860019D6B3 /* PaddingLabel.swift */; };
/* End PBXBuildFile section */

/* Begin PBXFileReference section */
		EA7E52752A9498750019D6B3 /* CodeBase.app */ = {isa = PBXFileReference; explicitFileType = wrapper.application; includeInIndex = 0; path = CodeBase.app; sourceTree = BUILT_PRODUCTS_DIR; };
		EA7E52782A9498750019D6B3 /* AppDelegate.swift */ = {isa = PBXFileReference; lastKnownFileType = sourcecode.swift; path = AppDelegate.swift; sourceTree = "<group>"; };
		EA7E527A2A9498750019D6B3 /* SceneDelegate.swift */ = {isa = PBXFileReference; lastKnownFileType = sourcecode.swift; path = SceneDelegate.swift; sourceTree = "<group>"; };
		EA7E527C2A9498750019D6B3 /* ViewController.swift */ = {isa = PBXFileReference; lastKnownFileType = sourcecode.swift; path = ViewController.swift; sourceTree = "<group>"; };
		EA7E527F2A9498750019D6B3 /* Base */ = {isa = PBXFileReference; lastKnownFileType = file.storyboard; name = Base; path = Base.lproj/Main.storyboard; sourceTree = "<group>"; };
		EA7E52812A9498770019D6B3 /* Assets.xcassets */ = {isa = PBXFileReference; lastKnownFileType = folder.assetcatalog; path = Assets.xcassets; sourceTree = "<group>"; };
		EA7E52842A9498770019D6B3 /* Base */ = {isa = PBXFileReference; lastKnownFileType = file.storyboard; name = Base; path = Base.lproj/LaunchScreen.storyboard; sourceTree = "<group>"; };
		EA7E52862A9498770019D6B3 /* Info.plist */ = {isa = PBXFileReference; lastKnownFileType = text.plist.xml; path = Info.plist; sourceTree = "<group>"; };
		EA7E528F2A94A5640019D6B3 /* Example1ViewController.swift */ = {isa = PBXFileReference; lastKnownFileType = sourcecode.swift; path = Example1ViewController.swift; sourceTree = "<group>"; };
		EA7E52912A94A57A0019D6B3 /* Example2ViewController.swift */ = {isa = PBXFileReference; lastKnownFileType = sourcecode.swift; path = Example2ViewController.swift; sourceTree = "<group>"; };
		EA7E52932A94A5800019D6B3 /* Example3ViewController.swift */ = {isa = PBXFileReference; lastKnownFileType = sourcecode.swift; path = Example3ViewController.swift; sourceTree = "<group>"; };
		EA7E52952A9549860019D6B3 /* PaddingLabel.swift */ = {isa = PBXFileReference; lastKnownFileType = sourcecode.swift; path = PaddingLabel.swift; sourceTree = "<group>"; };
/* End PBXFileReference section */

/* Begin PBXFrameworksBuildPhase section */
		EA7E52722A9498750019D6B3 /* Frameworks */ = {
			isa = PBXFrameworksBuildPhase;
			buildActionMask = 2147483647;
			files = (
				EA7E528E2A949BAB0019D6B3 /* SnapKit in Frameworks */,
			);
			runOnlyForDeploymentPostprocessing = 0;
		};
/* End PBXFrameworksBuildPhase section */

/* Begin PBXGroup section */
		EA7E526C2A9498750019D6B3 = {
			isa = PBXGroup;
			children = (
				EA7E52772A9498750019D6B3 /* CodeBase */,
				EA7E52762A9498750019D6B3 /* Products */,
			);
			sourceTree = "<group>";
		};
		EA7E52762A9498750019D6B3 /* Products */ = {
			isa = PBXGroup;
			children = (
				EA7E52752A9498750019D6B3 /* CodeBase.app */,
			);
			name = Products;
			sourceTree = "<group>";
		};
		EA7E52772A9498750019D6B3 /* CodeBase */ = {
			isa = PBXGroup;
			children = (
				EA7E52782A9498750019D6B3 /* AppDelegate.swift */,
				EA7E527A2A9498750019D6B3 /* SceneDelegate.swift */,
				EA7E52952A9549860019D6B3 /* PaddingLabel.swift */,
				EA7E527C2A9498750019D6B3 /* ViewController.swift */,
				EA7E528F2A94A5640019D6B3 /* Example1ViewController.swift */,
				EA7E52912A94A57A0019D6B3 /* Example2ViewController.swift */,
				EA7E52932A94A5800019D6B3 /* Example3ViewController.swift */,
				EA7E527E2A9498750019D6B3 /* Main.storyboard */,
				EA7E52812A9498770019D6B3 /* Assets.xcassets */,
				EA7E52832A9498770019D6B3 /* LaunchScreen.storyboard */,
				EA7E52862A9498770019D6B3 /* Info.plist */,
			);
			path = CodeBase;
			sourceTree = "<group>";
		};
/* End PBXGroup section */

/* Begin PBXNativeTarget section */
		EA7E52742A9498750019D6B3 /* CodeBase */ = {
			isa = PBXNativeTarget;
			buildConfigurationList = EA7E52892A9498770019D6B3 /* Build configuration list for PBXNativeTarget "CodeBase" */;
			buildPhases = (
				EA7E52712A9498750019D6B3 /* Sources */,
				EA7E52722A9498750019D6B3 /* Frameworks */,
				EA7E52732A9498750019D6B3 /* Resources */,
			);
			buildRules = (
			);
			dependencies = (
			);
			name = CodeBase;
			packageProductDependencies = (
				EA7E528D2A949BAB0019D6B3 /* SnapKit */,
			);
			productName = CodeBase;
			productReference = EA7E52752A9498750019D6B3 /* CodeBase.app */;
			productType = "com.apple.product-type.application";
		};
/* End PBXNativeTarget section */

/* Begin PBXProject section */
		EA7E526D2A9498750019D6B3 /* Project object */ = {
			isa = PBXProject;
			attributes = {
				BuildIndependentTargetsInParallel = 1;
				LastSwiftUpdateCheck = 1430;
				LastUpgradeCheck = 1430;
				TargetAttributes = {
					EA7E52742A9498750019D6B3 = {
						CreatedOnToolsVersion = 14.3.1;
					};
				};
			};
			buildConfigurationList = EA7E52702A9498750019D6B3 /* Build configuration list for PBXProject "CodeBase" */;
			compatibilityVersion = "Xcode 14.0";
			developmentRegion = en;
			hasScannedForEncodings = 0;
			knownRegions = (
				en,
				Base,
			);
			mainGroup = EA7E526C2A9498750019D6B3;
			packageReferences = (
				EA7E528C2A949BAB0019D6B3 /* XCRemoteSwiftPackageReference "SnapKit" */,
			);
			productRefGroup = EA7E52762A9498750019D6B3 /* Products */;
			projectDirPath = "";
			projectRoot = "";
			targets = (
				EA7E52742A9498750019D6B3 /* CodeBase */,
			);
		};
/* End PBXProject section */

/* Begin PBXResourcesBuildPhase section */
		EA7E52732A9498750019D6B3 /* Resources */ = {
			isa = PBXResourcesBuildPhase;
			buildActionMask = 2147483647;
			files = (
				EA7E52852A9498770019D6B3 /* LaunchScreen.storyboard in Resources */,
				EA7E52822A9498770019D6B3 /* Assets.xcassets in Resources */,
				EA7E52802A9498750019D6B3 /* Main.storyboard in Resources */,
			);
			runOnlyForDeploymentPostprocessing = 0;
		};
/* End PBXResourcesBuildPhase section */

/* Begin PBXSourcesBuildPhase section */
		EA7E52712A9498750019D6B3 /* Sources */ = {
			isa = PBXSourcesBuildPhase;
			buildActionMask = 2147483647;
			files = (
				EA7E527D2A9498750019D6B3 /* ViewController.swift in Sources */,
				EA7E52962A9549860019D6B3 /* PaddingLabel.swift in Sources */,
				EA7E52942A94A5800019D6B3 /* Example3ViewController.swift in Sources */,
				EA7E52792A9498750019D6B3 /* AppDelegate.swift in Sources */,
				EA7E52922A94A57A0019D6B3 /* Example2ViewController.swift in Sources */,
				EA7E527B2A9498750019D6B3 /* SceneDelegate.swift in Sources */,
				EA7E52902A94A5640019D6B3 /* Example1ViewController.swift in Sources */,
			);
			runOnlyForDeploymentPostprocessing = 0;
		};
/* End PBXSourcesBuildPhase section */

/* Begin PBXVariantGroup section */
		EA7E527E2A9498750019D6B3 /* Main.storyboard */ = {
			isa = PBXVariantGroup;
			children = (
				EA7E527F2A9498750019D6B3 /* Base */,
			);
			name = Main.storyboard;
			sourceTree = "<group>";
		};
		EA7E52832A9498770019D6B3 /* LaunchScreen.storyboard */ = {
			isa = PBXVariantGroup;
			children = (
				EA7E52842A9498770019D6B3 /* Base */,
			);
			name = LaunchScreen.storyboard;
			sourceTree = "<group>";
		};
/* End PBXVariantGroup section */

/* Begin XCBuildConfiguration section */
		EA7E52872A9498770019D6B3 /* Debug */ = {
			isa = XCBuildConfiguration;
			buildSettings = {
				ALWAYS_SEARCH_USER_PATHS = NO;
				CLANG_ANALYZER_NONNULL = YES;
				CLANG_ANALYZER_NUMBER_OBJECT_CONVERSION = YES_AGGRESSIVE;
				CLANG_CXX_LANGUAGE_STANDARD = "gnu++20";
				CLANG_ENABLE_MODULES = YES;
				CLANG_ENABLE_OBJC_ARC = YES;
				CLANG_ENABLE_OBJC_WEAK = YES;
				CLANG_WARN_BLOCK_CAPTURE_AUTORELEASING = YES;
				CLANG_WARN_BOOL_CONVERSION = YES;
				CLANG_WARN_COMMA = YES;
				CLANG_WARN_CONSTANT_CONVERSION = YES;
				CLANG_WARN_DEPRECATED_OBJC_IMPLEMENTATIONS = YES;
				CLANG_WARN_DIRECT_OBJC_ISA_USAGE = YES_ERROR;
				CLANG_WARN_DOCUMENTATION_COMMENTS = YES;
				CLANG_WARN_EMPTY_BODY = YES;
				CLANG_WARN_ENUM_CONVERSION = YES;
				CLANG_WARN_INFINITE_RECURSION = YES;
				CLANG_WARN_INT_CONVERSION = YES;
				CLANG_WARN_NON_LITERAL_NULL_CONVERSION = YES;
				CLANG_WARN_OBJC_IMPLICIT_RETAIN_SELF = YES;
				CLANG_WARN_OBJC_LITERAL_CONVERSION = YES;
				CLANG_WARN_OBJC_ROOT_CLASS = YES_ERROR;
				CLANG_WARN_QUOTED_INCLUDE_IN_FRAMEWORK_HEADER = YES;
				CLANG_WARN_RANGE_LOOP_ANALYSIS = YES;
				CLANG_WARN_STRICT_PROTOTYPES = YES;
				CLANG_WARN_SUSPICIOUS_MOVE = YES;
				CLANG_WARN_UNGUARDED_AVAILABILITY = YES_AGGRESSIVE;
				CLANG_WARN_UNREACHABLE_CODE = YES;
				CLANG_WARN__DUPLICATE_METHOD_MATCH = YES;
				COPY_PHASE_STRIP = NO;
				DEBUG_INFORMATION_FORMAT = dwarf;
				ENABLE_STRICT_OBJC_MSGSEND = YES;
				ENABLE_TESTABILITY = YES;
				GCC_C_LANGUAGE_STANDARD = gnu11;
				GCC_DYNAMIC_NO_PIC = NO;
				GCC_NO_COMMON_BLOCKS = YES;
				GCC_OPTIMIZATION_LEVEL = 0;
				GCC_PREPROCESSOR_DEFINITIONS = (
					"DEBUG=1",
					"$(inherited)",
				);
				GCC_WARN_64_TO_32_BIT_CONVERSION = YES;
				GCC_WARN_ABOUT_RETURN_TYPE = YES_ERROR;
				GCC_WARN_UNDECLARED_SELECTOR = YES;
				GCC_WARN_UNINITIALIZED_AUTOS = YES_AGGRESSIVE;
				GCC_WARN_UNUSED_FUNCTION = YES;
				GCC_WARN_UNUSED_VARIABLE = YES;
				IPHONEOS_DEPLOYMENT_TARGET = 16.4;
				MTL_ENABLE_DEBUG_INFO = INCLUDE_SOURCE;
				MTL_FAST_MATH = YES;
				ONLY_ACTIVE_ARCH = YES;
				SDKROOT = iphoneos;
				SWIFT_ACTIVE_COMPILATION_CONDITIONS = DEBUG;
				SWIFT_OPTIMIZATION_LEVEL = "-Onone";
			};
			name = Debug;
		};
		EA7E52882A9498770019D6B3 /* Release */ = {
			isa = XCBuildConfiguration;
			buildSettings = {
				ALWAYS_SEARCH_USER_PATHS = NO;
				CLANG_ANALYZER_NONNULL = YES;
				CLANG_ANALYZER_NUMBER_OBJECT_CONVERSION = YES_AGGRESSIVE;
				CLANG_CXX_LANGUAGE_STANDARD = "gnu++20";
				CLANG_ENABLE_MODULES = YES;
				CLANG_ENABLE_OBJC_ARC = YES;
				CLANG_ENABLE_OBJC_WEAK = YES;
				CLANG_WARN_BLOCK_CAPTURE_AUTORELEASING = YES;
				CLANG_WARN_BOOL_CONVERSION = YES;
				CLANG_WARN_COMMA = YES;
				CLANG_WARN_CONSTANT_CONVERSION = YES;
				CLANG_WARN_DEPRECATED_OBJC_IMPLEMENTATIONS = YES;
				CLANG_WARN_DIRECT_OBJC_ISA_USAGE = YES_ERROR;
				CLANG_WARN_DOCUMENTATION_COMMENTS = YES;
				CLANG_WARN_EMPTY_BODY = YES;
				CLANG_WARN_ENUM_CONVERSION = YES;
				CLANG_WARN_INFINITE_RECURSION = YES;
				CLANG_WARN_INT_CONVERSION = YES;
				CLANG_WARN_NON_LITERAL_NULL_CONVERSION = YES;
				CLANG_WARN_OBJC_IMPLICIT_RETAIN_SELF = YES;
				CLANG_WARN_OBJC_LITERAL_CONVERSION = YES;
				CLANG_WARN_OBJC_ROOT_CLASS = YES_ERROR;
				CLANG_WARN_QUOTED_INCLUDE_IN_FRAMEWORK_HEADER = YES;
				CLANG_WARN_RANGE_LOOP_ANALYSIS = YES;
				CLANG_WARN_STRICT_PROTOTYPES = YES;
				CLANG_WARN_SUSPICIOUS_MOVE = YES;
				CLANG_WARN_UNGUARDED_AVAILABILITY = YES_AGGRESSIVE;
				CLANG_WARN_UNREACHABLE_CODE = YES;
				CLANG_WARN__DUPLICATE_METHOD_MATCH = YES;
				COPY_PHASE_STRIP = NO;
				DEBUG_INFORMATION_FORMAT = "dwarf-with-dsym";
				ENABLE_NS_ASSERTIONS = NO;
				ENABLE_STRICT_OBJC_MSGSEND = YES;
				GCC_C_LANGUAGE_STANDARD = gnu11;
				GCC_NO_COMMON_BLOCKS = YES;
				GCC_WARN_64_TO_32_BIT_CONVERSION = YES;
				GCC_WARN_ABOUT_RETURN_TYPE = YES_ERROR;
				GCC_WARN_UNDECLARED_SELECTOR = YES;
				GCC_WARN_UNINITIALIZED_AUTOS = YES_AGGRESSIVE;
				GCC_WARN_UNUSED_FUNCTION = YES;
				GCC_WARN_UNUSED_VARIABLE = YES;
				IPHONEOS_DEPLOYMENT_TARGET = 16.4;
				MTL_ENABLE_DEBUG_INFO = NO;
				MTL_FAST_MATH = YES;
				SDKROOT = iphoneos;
				SWIFT_COMPILATION_MODE = wholemodule;
				SWIFT_OPTIMIZATION_LEVEL = "-O";
				VALIDATE_PRODUCT = YES;
			};
			name = Release;
		};
		EA7E528A2A9498770019D6B3 /* Debug */ = {
			isa = XCBuildConfiguration;
			buildSettings = {
				ASSETCATALOG_COMPILER_APPICON_NAME = AppIcon;
				ASSETCATALOG_COMPILER_GLOBAL_ACCENT_COLOR_NAME = AccentColor;
				CODE_SIGN_STYLE = Automatic;
				CURRENT_PROJECT_VERSION = 1;
				DEVELOPMENT_TEAM = R5LJ29W6V2;
				GENERATE_INFOPLIST_FILE = YES;
				INFOPLIST_FILE = CodeBase/Info.plist;
				INFOPLIST_KEY_UIApplicationSupportsIndirectInputEvents = YES;
				INFOPLIST_KEY_UILaunchStoryboardName = LaunchScreen;
				INFOPLIST_KEY_UIMainStoryboardFile = Main;
				INFOPLIST_KEY_UISupportedInterfaceOrientations_iPad = "UIInterfaceOrientationPortrait UIInterfaceOrientationPortraitUpsideDown UIInterfaceOrientationLandscapeLeft UIInterfaceOrientationLandscapeRight";
				INFOPLIST_KEY_UISupportedInterfaceOrientations_iPhone = "UIInterfaceOrientationPortrait UIInterfaceOrientationLandscapeLeft UIInterfaceOrientationLandscapeRight";
				IPHONEOS_DEPLOYMENT_TARGET = 16.0;
				LD_RUNPATH_SEARCH_PATHS = (
					"$(inherited)",
					"@executable_path/Frameworks",
				);
				MARKETING_VERSION = 1.0;
				PRODUCT_BUNDLE_IDENTIFIER = com.chap.CodeBase;
				PRODUCT_NAME = "$(TARGET_NAME)";
				SUPPORTED_PLATFORMS = "iphoneos iphonesimulator";
				SUPPORTS_MACCATALYST = NO;
				SUPPORTS_MAC_DESIGNED_FOR_IPHONE_IPAD = NO;
				SWIFT_EMIT_LOC_STRINGS = YES;
				SWIFT_VERSION = 5.0;
				TARGETED_DEVICE_FAMILY = 1;
			};
			name = Debug;
		};
		EA7E528B2A9498770019D6B3 /* Release */ = {
			isa = XCBuildConfiguration;
			buildSettings = {
				ASSETCATALOG_COMPILER_APPICON_NAME = AppIcon;
				ASSETCATALOG_COMPILER_GLOBAL_ACCENT_COLOR_NAME = AccentColor;
				CODE_SIGN_STYLE = Automatic;
				CURRENT_PROJECT_VERSION = 1;
				DEVELOPMENT_TEAM = R5LJ29W6V2;
				GENERATE_INFOPLIST_FILE = YES;
				INFOPLIST_FILE = CodeBase/Info.plist;
				INFOPLIST_KEY_UIApplicationSupportsIndirectInputEvents = YES;
				INFOPLIST_KEY_UILaunchStoryboardName = LaunchScreen;
				INFOPLIST_KEY_UIMainStoryboardFile = Main;
				INFOPLIST_KEY_UISupportedInterfaceOrientations_iPad = "UIInterfaceOrientationPortrait UIInterfaceOrientationPortraitUpsideDown UIInterfaceOrientationLandscapeLeft UIInterfaceOrientationLandscapeRight";
				INFOPLIST_KEY_UISupportedInterfaceOrientations_iPhone = "UIInterfaceOrientationPortrait UIInterfaceOrientationLandscapeLeft UIInterfaceOrientationLandscapeRight";
				IPHONEOS_DEPLOYMENT_TARGET = 16.0;
				LD_RUNPATH_SEARCH_PATHS = (
					"$(inherited)",
					"@executable_path/Frameworks",
				);
				MARKETING_VERSION = 1.0;
				PRODUCT_BUNDLE_IDENTIFIER = com.chap.CodeBase;
				PRODUCT_NAME = "$(TARGET_NAME)";
				SUPPORTED_PLATFORMS = "iphoneos iphonesimulator";
				SUPPORTS_MACCATALYST = NO;
				SUPPORTS_MAC_DESIGNED_FOR_IPHONE_IPAD = NO;
				SWIFT_EMIT_LOC_STRINGS = YES;
				SWIFT_VERSION = 5.0;
				TARGETED_DEVICE_FAMILY = 1;
			};
			name = Release;
		};
/* End XCBuildConfiguration section */

/* Begin XCConfigurationList section */
		EA7E52702A9498750019D6B3 /* Build configuration list for PBXProject "CodeBase" */ = {
			isa = XCConfigurationList;
			buildConfigurations = (
				EA7E52872A9498770019D6B3 /* Debug */,
				EA7E52882A9498770019D6B3 /* Release */,
			);
			defaultConfigurationIsVisible = 0;
			defaultConfigurationName = Release;
		};
		EA7E52892A9498770019D6B3 /* Build configuration list for PBXNativeTarget "CodeBase" */ = {
			isa = XCConfigurationList;
			buildConfigurations = (
				EA7E528A2A9498770019D6B3 /* Debug */,
				EA7E528B2A9498770019D6B3 /* Release */,
			);
			defaultConfigurationIsVisible = 0;
			defaultConfigurationName = Release;
		};
/* End XCConfigurationList section */

/* Begin XCRemoteSwiftPackageReference section */
		EA7E528C2A949BAB0019D6B3 /* XCRemoteSwiftPackageReference "SnapKit" */ = {
			isa = XCRemoteSwiftPackageReference;
			repositoryURL = "https://github.com/SnapKit/SnapKit";
			requirement = {
				kind = upToNextMajorVersion;
				minimumVersion = 5.0.0;
			};
		};
/* End XCRemoteSwiftPackageReference section */

/* Begin XCSwiftPackageProductDependency section */
		EA7E528D2A949BAB0019D6B3 /* SnapKit */ = {
			isa = XCSwiftPackageProductDependency;
			package = EA7E528C2A949BAB0019D6B3 /* XCRemoteSwiftPackageReference "SnapKit" */;
			productName = SnapKit;
		};
/* End XCSwiftPackageProductDependency section */
	};
	rootObject = EA7E526D2A9498750019D6B3 /* Project object */;
}
