// !$*UTF8*$!
{
	archiveVersion = 1;
	classes = {
	};
	objectVersion = 56;
	objects = {

/* Begin PBXBuildFile section */
		EAEE68A42A779AAC002BEB95 /* AppDelegate.swift in Sources */ = {isa = PBXBuildFile; fileRef = EAEE68A32A779AAC002BEB95 /* AppDelegate.swift */; };
		EAEE68A62A779AAC002BEB95 /* SceneDelegate.swift in Sources */ = {isa = PBXBuildFile; fileRef = EAEE68A52A779AAC002BEB95 /* SceneDelegate.swift */; };
		EAEE68A82A779AAC002BEB95 /* ViewController.swift in Sources */ = {isa = PBXBuildFile; fileRef = EAEE68A72A779AAC002BEB95 /* ViewController.swift */; };
		EAEE68AB2A779AAC002BEB95 /* Main.storyboard in Resources */ = {isa = PBXBuildFile; fileRef = EAEE68A92A779AAC002BEB95 /* Main.storyboard */; };
		EAEE68AD2A779AAD002BEB95 /* Assets.xcassets in Resources */ = {isa = PBXBuildFile; fileRef = EAEE68AC2A779AAD002BEB95 /* Assets.xcassets */; };
		EAEE68B02A779AAD002BEB95 /* LaunchScreen.storyboard in Resources */ = {isa = PBXBuildFile; fileRef = EAEE68AE2A779AAD002BEB95 /* LaunchScreen.storyboard */; };
		EAEE68B82A779CD5002BEB95 /* BookshelfCollectionViewController.swift in Sources */ = {isa = PBXBuildFile; fileRef = EAEE68B72A779CD5002BEB95 /* BookshelfCollectionViewController.swift */; };
		EAEE68BB2A779D09002BEB95 /* BookshelfCollectionViewCell.swift in Sources */ = {isa = PBXBuildFile; fileRef = EAEE68B92A779D09002BEB95 /* BookshelfCollectionViewCell.swift */; };
		EAEE68BC2A779D09002BEB95 /* BookshelfCollectionViewCell.xib in Resources */ = {isa = PBXBuildFile; fileRef = EAEE68BA2A779D09002BEB95 /* BookshelfCollectionViewCell.xib */; };
		EAEE68BE2A779EE5002BEB95 /* MovieInfo.swift in Sources */ = {isa = PBXBuildFile; fileRef = EAEE68BD2A779EE5002BEB95 /* MovieInfo.swift */; };
		EAEE68C02A779EF2002BEB95 /* Movie.swift in Sources */ = {isa = PBXBuildFile; fileRef = EAEE68BF2A779EF2002BEB95 /* Movie.swift */; };
		EAEE68C22A780EFF002BEB95 /* SearchViewController.swift in Sources */ = {isa = PBXBuildFile; fileRef = EAEE68C12A780EFF002BEB95 /* SearchViewController.swift */; };
		EAEE68C42A78123B002BEB95 /* DetailViewController.swift in Sources */ = {isa = PBXBuildFile; fileRef = EAEE68C32A78123B002BEB95 /* DetailViewController.swift */; };
		EAEE68C62A78157E002BEB95 /* Extension+UIViewController.swift in Sources */ = {isa = PBXBuildFile; fileRef = EAEE68C52A78157E002BEB95 /* Extension+UIViewController.swift */; };
		EAEE68CE2A7A87F9002BEB95 /* BrowseViewController.swift in Sources */ = {isa = PBXBuildFile; fileRef = EAEE68CD2A7A87F9002BEB95 /* BrowseViewController.swift */; };
/* End PBXBuildFile section */

/* Begin PBXFileReference section */
		EAEE68A02A779AAC002BEB95 /* BookWorm.app */ = {isa = PBXFileReference; explicitFileType = wrapper.application; includeInIndex = 0; path = BookWorm.app; sourceTree = BUILT_PRODUCTS_DIR; };
		EAEE68A32A779AAC002BEB95 /* AppDelegate.swift */ = {isa = PBXFileReference; lastKnownFileType = sourcecode.swift; path = AppDelegate.swift; sourceTree = "<group>"; };
		EAEE68A52A779AAC002BEB95 /* SceneDelegate.swift */ = {isa = PBXFileReference; lastKnownFileType = sourcecode.swift; path = SceneDelegate.swift; sourceTree = "<group>"; };
		EAEE68A72A779AAC002BEB95 /* ViewController.swift */ = {isa = PBXFileReference; lastKnownFileType = sourcecode.swift; path = ViewController.swift; sourceTree = "<group>"; };
		EAEE68AA2A779AAC002BEB95 /* Base */ = {isa = PBXFileReference; lastKnownFileType = file.storyboard; name = Base; path = Base.lproj/Main.storyboard; sourceTree = "<group>"; };
		EAEE68AC2A779AAD002BEB95 /* Assets.xcassets */ = {isa = PBXFileReference; lastKnownFileType = folder.assetcatalog; path = Assets.xcassets; sourceTree = "<group>"; };
		EAEE68AF2A779AAD002BEB95 /* Base */ = {isa = PBXFileReference; lastKnownFileType = file.storyboard; name = Base; path = Base.lproj/LaunchScreen.storyboard; sourceTree = "<group>"; };
		EAEE68B12A779AAD002BEB95 /* Info.plist */ = {isa = PBXFileReference; lastKnownFileType = text.plist.xml; path = Info.plist; sourceTree = "<group>"; };
		EAEE68B72A779CD5002BEB95 /* BookshelfCollectionViewController.swift */ = {isa = PBXFileReference; lastKnownFileType = sourcecode.swift; path = BookshelfCollectionViewController.swift; sourceTree = "<group>"; };
		EAEE68B92A779D09002BEB95 /* BookshelfCollectionViewCell.swift */ = {isa = PBXFileReference; lastKnownFileType = sourcecode.swift; path = BookshelfCollectionViewCell.swift; sourceTree = "<group>"; };
		EAEE68BA2A779D09002BEB95 /* BookshelfCollectionViewCell.xib */ = {isa = PBXFileReference; lastKnownFileType = file.xib; path = BookshelfCollectionViewCell.xib; sourceTree = "<group>"; };
		EAEE68BD2A779EE5002BEB95 /* MovieInfo.swift */ = {isa = PBXFileReference; fileEncoding = 4; lastKnownFileType = sourcecode.swift; path = MovieInfo.swift; sourceTree = "<group>"; };
		EAEE68BF2A779EF2002BEB95 /* Movie.swift */ = {isa = PBXFileReference; lastKnownFileType = sourcecode.swift; path = Movie.swift; sourceTree = "<group>"; };
		EAEE68C12A780EFF002BEB95 /* SearchViewController.swift */ = {isa = PBXFileReference; lastKnownFileType = sourcecode.swift; path = SearchViewController.swift; sourceTree = "<group>"; };
		EAEE68C32A78123B002BEB95 /* DetailViewController.swift */ = {isa = PBXFileReference; lastKnownFileType = sourcecode.swift; path = DetailViewController.swift; sourceTree = "<group>"; };
		EAEE68C52A78157E002BEB95 /* Extension+UIViewController.swift */ = {isa = PBXFileReference; lastKnownFileType = sourcecode.swift; path = "Extension+UIViewController.swift"; sourceTree = "<group>"; };
		EAEE68CD2A7A87F9002BEB95 /* BrowseViewController.swift */ = {isa = PBXFileReference; lastKnownFileType = sourcecode.swift; path = BrowseViewController.swift; sourceTree = "<group>"; };
/* End PBXFileReference section */

/* Begin PBXFrameworksBuildPhase section */
		EAEE689D2A779AAC002BEB95 /* Frameworks */ = {
			isa = PBXFrameworksBuildPhase;
			buildActionMask = 2147483647;
			files = (
			);
			runOnlyForDeploymentPostprocessing = 0;
		};
/* End PBXFrameworksBuildPhase section */

/* Begin PBXGroup section */
		EAEE68972A779AAC002BEB95 = {
			isa = PBXGroup;
			children = (
				EAEE68A22A779AAC002BEB95 /* BookWorm */,
				EAEE68A12A779AAC002BEB95 /* Products */,
			);
			sourceTree = "<group>";
		};
		EAEE68A12A779AAC002BEB95 /* Products */ = {
			isa = PBXGroup;
			children = (
				EAEE68A02A779AAC002BEB95 /* BookWorm.app */,
			);
			name = Products;
			sourceTree = "<group>";
		};
		EAEE68A22A779AAC002BEB95 /* BookWorm */ = {
			isa = PBXGroup;
			children = (
				EAEE68A32A779AAC002BEB95 /* AppDelegate.swift */,
				EAEE68A52A779AAC002BEB95 /* SceneDelegate.swift */,
				EAEE68A72A779AAC002BEB95 /* ViewController.swift */,
				EAEE68B72A779CD5002BEB95 /* BookshelfCollectionViewController.swift */,
				EAEE68B92A779D09002BEB95 /* BookshelfCollectionViewCell.swift */,
				EAEE68BA2A779D09002BEB95 /* BookshelfCollectionViewCell.xib */,
				EAEE68CD2A7A87F9002BEB95 /* BrowseViewController.swift */,
				EAEE68C12A780EFF002BEB95 /* SearchViewController.swift */,
				EAEE68C32A78123B002BEB95 /* DetailViewController.swift */,
				EAEE68A92A779AAC002BEB95 /* Main.storyboard */,
				EAEE68AC2A779AAD002BEB95 /* Assets.xcassets */,
				EAEE68AE2A779AAD002BEB95 /* LaunchScreen.storyboard */,
				EAEE68B12A779AAD002BEB95 /* Info.plist */,
				EAEE68BD2A779EE5002BEB95 /* MovieInfo.swift */,
				EAEE68BF2A779EF2002BEB95 /* Movie.swift */,
				EAEE68C52A78157E002BEB95 /* Extension+UIViewController.swift */,
			);
			path = BookWorm;
			sourceTree = "<group>";
		};
/* End PBXGroup section */

/* Begin PBXNativeTarget section */
		EAEE689F2A779AAC002BEB95 /* BookWorm */ = {
			isa = PBXNativeTarget;
			buildConfigurationList = EAEE68B42A779AAD002BEB95 /* Build configuration list for PBXNativeTarget "BookWorm" */;
			buildPhases = (
				EAEE689C2A779AAC002BEB95 /* Sources */,
				EAEE689D2A779AAC002BEB95 /* Frameworks */,
				EAEE689E2A779AAC002BEB95 /* Resources */,
			);
			buildRules = (
			);
			dependencies = (
			);
			name = BookWorm;
			productName = BookWorm;
			productReference = EAEE68A02A779AAC002BEB95 /* BookWorm.app */;
			productType = "com.apple.product-type.application";
		};
/* End PBXNativeTarget section */

/* Begin PBXProject section */
		EAEE68982A779AAC002BEB95 /* Project object */ = {
			isa = PBXProject;
			attributes = {
				BuildIndependentTargetsInParallel = 1;
				LastSwiftUpdateCheck = 1430;
				LastUpgradeCheck = 1430;
				TargetAttributes = {
					EAEE689F2A779AAC002BEB95 = {
						CreatedOnToolsVersion = 14.3.1;
					};
				};
			};
			buildConfigurationList = EAEE689B2A779AAC002BEB95 /* Build configuration list for PBXProject "BookWorm" */;
			compatibilityVersion = "Xcode 14.0";
			developmentRegion = en;
			hasScannedForEncodings = 0;
			knownRegions = (
				en,
				Base,
			);
			mainGroup = EAEE68972A779AAC002BEB95;
			productRefGroup = EAEE68A12A779AAC002BEB95 /* Products */;
			projectDirPath = "";
			projectRoot = "";
			targets = (
				EAEE689F2A779AAC002BEB95 /* BookWorm */,
			);
		};
/* End PBXProject section */

/* Begin PBXResourcesBuildPhase section */
		EAEE689E2A779AAC002BEB95 /* Resources */ = {
			isa = PBXResourcesBuildPhase;
			buildActionMask = 2147483647;
			files = (
				EAEE68BC2A779D09002BEB95 /* BookshelfCollectionViewCell.xib in Resources */,
				EAEE68B02A779AAD002BEB95 /* LaunchScreen.storyboard in Resources */,
				EAEE68AD2A779AAD002BEB95 /* Assets.xcassets in Resources */,
				EAEE68AB2A779AAC002BEB95 /* Main.storyboard in Resources */,
			);
			runOnlyForDeploymentPostprocessing = 0;
		};
/* End PBXResourcesBuildPhase section */

/* Begin PBXSourcesBuildPhase section */
		EAEE689C2A779AAC002BEB95 /* Sources */ = {
			isa = PBXSourcesBuildPhase;
			buildActionMask = 2147483647;
			files = (
				EAEE68C42A78123B002BEB95 /* DetailViewController.swift in Sources */,
				EAEE68C02A779EF2002BEB95 /* Movie.swift in Sources */,
				EAEE68A82A779AAC002BEB95 /* ViewController.swift in Sources */,
				EAEE68CE2A7A87F9002BEB95 /* BrowseViewController.swift in Sources */,
				EAEE68C22A780EFF002BEB95 /* SearchViewController.swift in Sources */,
				EAEE68A42A779AAC002BEB95 /* AppDelegate.swift in Sources */,
				EAEE68B82A779CD5002BEB95 /* BookshelfCollectionViewController.swift in Sources */,
				EAEE68A62A779AAC002BEB95 /* SceneDelegate.swift in Sources */,
				EAEE68BE2A779EE5002BEB95 /* MovieInfo.swift in Sources */,
				EAEE68C62A78157E002BEB95 /* Extension+UIViewController.swift in Sources */,
				EAEE68BB2A779D09002BEB95 /* BookshelfCollectionViewCell.swift in Sources */,
			);
			runOnlyForDeploymentPostprocessing = 0;
		};
/* End PBXSourcesBuildPhase section */

/* Begin PBXVariantGroup section */
		EAEE68A92A779AAC002BEB95 /* Main.storyboard */ = {
			isa = PBXVariantGroup;
			children = (
				EAEE68AA2A779AAC002BEB95 /* Base */,
			);
			name = Main.storyboard;
			sourceTree = "<group>";
		};
		EAEE68AE2A779AAD002BEB95 /* LaunchScreen.storyboard */ = {
			isa = PBXVariantGroup;
			children = (
				EAEE68AF2A779AAD002BEB95 /* Base */,
			);
			name = LaunchScreen.storyboard;
			sourceTree = "<group>";
		};
/* End PBXVariantGroup section */

/* Begin XCBuildConfiguration section */
		EAEE68B22A779AAD002BEB95 /* Debug */ = {
			isa = XCBuildConfiguration;
			buildSettings = {
				ALWAYS_SEARCH_USER_PATHS = NO;
				CLANG_ANALYZER_NONNULL = YES;
				CLANG_ANALYZER_NUMBER_OBJECT_CONVERSION = YES_AGGRESSIVE;
				CLANG_CXX_LANGUAGE_STANDARD = "gnu++20";
				CLANG_ENABLE_MODULES = YES;
				CLANG_ENABLE_OBJC_ARC = YES;
				CLANG_ENABLE_OBJC_WEAK = YES;
				CLANG_WARN_BLOCK_CAPTURE_AUTORELEASING = YES;
				CLANG_WARN_BOOL_CONVERSION = YES;
				CLANG_WARN_COMMA = YES;
				CLANG_WARN_CONSTANT_CONVERSION = YES;
				CLANG_WARN_DEPRECATED_OBJC_IMPLEMENTATIONS = YES;
				CLANG_WARN_DIRECT_OBJC_ISA_USAGE = YES_ERROR;
				CLANG_WARN_DOCUMENTATION_COMMENTS = YES;
				CLANG_WARN_EMPTY_BODY = YES;
				CLANG_WARN_ENUM_CONVERSION = YES;
				CLANG_WARN_INFINITE_RECURSION = YES;
				CLANG_WARN_INT_CONVERSION = YES;
				CLANG_WARN_NON_LITERAL_NULL_CONVERSION = YES;
				CLANG_WARN_OBJC_IMPLICIT_RETAIN_SELF = YES;
				CLANG_WARN_OBJC_LITERAL_CONVERSION = YES;
				CLANG_WARN_OBJC_ROOT_CLASS = YES_ERROR;
				CLANG_WARN_QUOTED_INCLUDE_IN_FRAMEWORK_HEADER = YES;
				CLANG_WARN_RANGE_LOOP_ANALYSIS = YES;
				CLANG_WARN_STRICT_PROTOTYPES = YES;
				CLANG_WARN_SUSPICIOUS_MOVE = YES;
				CLANG_WARN_UNGUARDED_AVAILABILITY = YES_AGGRESSIVE;
				CLANG_WARN_UNREACHABLE_CODE = YES;
				CLANG_WARN__DUPLICATE_METHOD_MATCH = YES;
				COPY_PHASE_STRIP = NO;
				DEBUG_INFORMATION_FORMAT = dwarf;
				ENABLE_STRICT_OBJC_MSGSEND = YES;
				ENABLE_TESTABILITY = YES;
				GCC_C_LANGUAGE_STANDARD = gnu11;
				GCC_DYNAMIC_NO_PIC = NO;
				GCC_NO_COMMON_BLOCKS = YES;
				GCC_OPTIMIZATION_LEVEL = 0;
				GCC_PREPROCESSOR_DEFINITIONS = (
					"DEBUG=1",
					"$(inherited)",
				);
				GCC_WARN_64_TO_32_BIT_CONVERSION = YES;
				GCC_WARN_ABOUT_RETURN_TYPE = YES_ERROR;
				GCC_WARN_UNDECLARED_SELECTOR = YES;
				GCC_WARN_UNINITIALIZED_AUTOS = YES_AGGRESSIVE;
				GCC_WARN_UNUSED_FUNCTION = YES;
				GCC_WARN_UNUSED_VARIABLE = YES;
				IPHONEOS_DEPLOYMENT_TARGET = 16.4;
				MTL_ENABLE_DEBUG_INFO = INCLUDE_SOURCE;
				MTL_FAST_MATH = YES;
				ONLY_ACTIVE_ARCH = YES;
				SDKROOT = iphoneos;
				SWIFT_ACTIVE_COMPILATION_CONDITIONS = DEBUG;
				SWIFT_OPTIMIZATION_LEVEL = "-Onone";
			};
			name = Debug;
		};
		EAEE68B32A779AAD002BEB95 /* Release */ = {
			isa = XCBuildConfiguration;
			buildSettings = {
				ALWAYS_SEARCH_USER_PATHS = NO;
				CLANG_ANALYZER_NONNULL = YES;
				CLANG_ANALYZER_NUMBER_OBJECT_CONVERSION = YES_AGGRESSIVE;
				CLANG_CXX_LANGUAGE_STANDARD = "gnu++20";
				CLANG_ENABLE_MODULES = YES;
				CLANG_ENABLE_OBJC_ARC = YES;
				CLANG_ENABLE_OBJC_WEAK = YES;
				CLANG_WARN_BLOCK_CAPTURE_AUTORELEASING = YES;
				CLANG_WARN_BOOL_CONVERSION = YES;
				CLANG_WARN_COMMA = YES;
				CLANG_WARN_CONSTANT_CONVERSION = YES;
				CLANG_WARN_DEPRECATED_OBJC_IMPLEMENTATIONS = YES;
				CLANG_WARN_DIRECT_OBJC_ISA_USAGE = YES_ERROR;
				CLANG_WARN_DOCUMENTATION_COMMENTS = YES;
				CLANG_WARN_EMPTY_BODY = YES;
				CLANG_WARN_ENUM_CONVERSION = YES;
				CLANG_WARN_INFINITE_RECURSION = YES;
				CLANG_WARN_INT_CONVERSION = YES;
				CLANG_WARN_NON_LITERAL_NULL_CONVERSION = YES;
				CLANG_WARN_OBJC_IMPLICIT_RETAIN_SELF = YES;
				CLANG_WARN_OBJC_LITERAL_CONVERSION = YES;
				CLANG_WARN_OBJC_ROOT_CLASS = YES_ERROR;
				CLANG_WARN_QUOTED_INCLUDE_IN_FRAMEWORK_HEADER = YES;
				CLANG_WARN_RANGE_LOOP_ANALYSIS = YES;
				CLANG_WARN_STRICT_PROTOTYPES = YES;
				CLANG_WARN_SUSPICIOUS_MOVE = YES;
				CLANG_WARN_UNGUARDED_AVAILABILITY = YES_AGGRESSIVE;
				CLANG_WARN_UNREACHABLE_CODE = YES;
				CLANG_WARN__DUPLICATE_METHOD_MATCH = YES;
				COPY_PHASE_STRIP = NO;
				DEBUG_INFORMATION_FORMAT = "dwarf-with-dsym";
				ENABLE_NS_ASSERTIONS = NO;
				ENABLE_STRICT_OBJC_MSGSEND = YES;
				GCC_C_LANGUAGE_STANDARD = gnu11;
				GCC_NO_COMMON_BLOCKS = YES;
				GCC_WARN_64_TO_32_BIT_CONVERSION = YES;
				GCC_WARN_ABOUT_RETURN_TYPE = YES_ERROR;
				GCC_WARN_UNDECLARED_SELECTOR = YES;
				GCC_WARN_UNINITIALIZED_AUTOS = YES_AGGRESSIVE;
				GCC_WARN_UNUSED_FUNCTION = YES;
				GCC_WARN_UNUSED_VARIABLE = YES;
				IPHONEOS_DEPLOYMENT_TARGET = 16.4;
				MTL_ENABLE_DEBUG_INFO = NO;
				MTL_FAST_MATH = YES;
				SDKROOT = iphoneos;
				SWIFT_COMPILATION_MODE = wholemodule;
				SWIFT_OPTIMIZATION_LEVEL = "-O";
				VALIDATE_PRODUCT = YES;
			};
			name = Release;
		};
		EAEE68B52A779AAD002BEB95 /* Debug */ = {
			isa = XCBuildConfiguration;
			buildSettings = {
				ASSETCATALOG_COMPILER_APPICON_NAME = AppIcon;
				ASSETCATALOG_COMPILER_GLOBAL_ACCENT_COLOR_NAME = AccentColor;
				CODE_SIGN_STYLE = Automatic;
				CURRENT_PROJECT_VERSION = 1;
				DEVELOPMENT_TEAM = R5LJ29W6V2;
				GENERATE_INFOPLIST_FILE = YES;
				INFOPLIST_FILE = BookWorm/Info.plist;
				INFOPLIST_KEY_UIApplicationSupportsIndirectInputEvents = YES;
				INFOPLIST_KEY_UILaunchStoryboardName = LaunchScreen;
				INFOPLIST_KEY_UIMainStoryboardFile = Main;
				INFOPLIST_KEY_UISupportedInterfaceOrientations_iPad = "UIInterfaceOrientationPortrait UIInterfaceOrientationPortraitUpsideDown UIInterfaceOrientationLandscapeLeft UIInterfaceOrientationLandscapeRight";
				INFOPLIST_KEY_UISupportedInterfaceOrientations_iPhone = "UIInterfaceOrientationPortrait UIInterfaceOrientationLandscapeLeft UIInterfaceOrientationLandscapeRight";
				IPHONEOS_DEPLOYMENT_TARGET = 16.0;
				LD_RUNPATH_SEARCH_PATHS = (
					"$(inherited)",
					"@executable_path/Frameworks",
				);
				MARKETING_VERSION = 1.0;
				PRODUCT_BUNDLE_IDENTIFIER = com.chap.BookWorm;
				PRODUCT_NAME = "$(TARGET_NAME)";
				SUPPORTED_PLATFORMS = "iphoneos iphonesimulator";
				SUPPORTS_MACCATALYST = NO;
				SUPPORTS_MAC_DESIGNED_FOR_IPHONE_IPAD = NO;
				SWIFT_EMIT_LOC_STRINGS = YES;
				SWIFT_VERSION = 5.0;
				TARGETED_DEVICE_FAMILY = 1;
			};
			name = Debug;
		};
		EAEE68B62A779AAD002BEB95 /* Release */ = {
			isa = XCBuildConfiguration;
			buildSettings = {
				ASSETCATALOG_COMPILER_APPICON_NAME = AppIcon;
				ASSETCATALOG_COMPILER_GLOBAL_ACCENT_COLOR_NAME = AccentColor;
				CODE_SIGN_STYLE = Automatic;
				CURRENT_PROJECT_VERSION = 1;
				DEVELOPMENT_TEAM = R5LJ29W6V2;
				GENERATE_INFOPLIST_FILE = YES;
				INFOPLIST_FILE = BookWorm/Info.plist;
				INFOPLIST_KEY_UIApplicationSupportsIndirectInputEvents = YES;
				INFOPLIST_KEY_UILaunchStoryboardName = LaunchScreen;
				INFOPLIST_KEY_UIMainStoryboardFile = Main;
				INFOPLIST_KEY_UISupportedInterfaceOrientations_iPad = "UIInterfaceOrientationPortrait UIInterfaceOrientationPortraitUpsideDown UIInterfaceOrientationLandscapeLeft UIInterfaceOrientationLandscapeRight";
				INFOPLIST_KEY_UISupportedInterfaceOrientations_iPhone = "UIInterfaceOrientationPortrait UIInterfaceOrientationLandscapeLeft UIInterfaceOrientationLandscapeRight";
				IPHONEOS_DEPLOYMENT_TARGET = 16.0;
				LD_RUNPATH_SEARCH_PATHS = (
					"$(inherited)",
					"@executable_path/Frameworks",
				);
				MARKETING_VERSION = 1.0;
				PRODUCT_BUNDLE_IDENTIFIER = com.chap.BookWorm;
				PRODUCT_NAME = "$(TARGET_NAME)";
				SUPPORTED_PLATFORMS = "iphoneos iphonesimulator";
				SUPPORTS_MACCATALYST = NO;
				SUPPORTS_MAC_DESIGNED_FOR_IPHONE_IPAD = NO;
				SWIFT_EMIT_LOC_STRINGS = YES;
				SWIFT_VERSION = 5.0;
				TARGETED_DEVICE_FAMILY = 1;
			};
			name = Release;
		};
/* End XCBuildConfiguration section */

/* Begin XCConfigurationList section */
		EAEE689B2A779AAC002BEB95 /* Build configuration list for PBXProject "BookWorm" */ = {
			isa = XCConfigurationList;
			buildConfigurations = (
				EAEE68B22A779AAD002BEB95 /* Debug */,
				EAEE68B32A779AAD002BEB95 /* Release */,
			);
			defaultConfigurationIsVisible = 0;
			defaultConfigurationName = Release;
		};
		EAEE68B42A779AAD002BEB95 /* Build configuration list for PBXNativeTarget "BookWorm" */ = {
			isa = XCConfigurationList;
			buildConfigurations = (
				EAEE68B52A779AAD002BEB95 /* Debug */,
				EAEE68B62A779AAD002BEB95 /* Release */,
			);
			defaultConfigurationIsVisible = 0;
			defaultConfigurationName = Release;
		};
/* End XCConfigurationList section */
	};
	rootObject = EAEE68982A779AAC002BEB95 /* Project object */;
}
