// !$*UTF8*$!
{
	archiveVersion = 1;
	classes = {
	};
	objectVersion = 56;
	objects = {

/* Begin PBXBuildFile section */
		EA3673E32AA61F170097F2D0 /* Realm in Frameworks */ = {isa = PBXBuildFile; productRef = EA3673E22AA61F170097F2D0 /* Realm */; };
		EA3673E52AA61F170097F2D0 /* RealmSwift in Frameworks */ = {isa = PBXBuildFile; productRef = EA3673E42AA61F170097F2D0 /* RealmSwift */; };
		EA3673E72AA61F9C0097F2D0 /* Bookmark.swift in Sources */ = {isa = PBXBuildFile; fileRef = EA3673E62AA61F9C0097F2D0 /* Bookmark.swift */; };
		EA3673E92AA62AE20097F2D0 /* BookmarkViewController.swift in Sources */ = {isa = PBXBuildFile; fileRef = EA3673E82AA62AE20097F2D0 /* BookmarkViewController.swift */; };
		EAA6B6DE2A83A0EC00C2ECD1 /* AppDelegate.swift in Sources */ = {isa = PBXBuildFile; fileRef = EAA6B6DD2A83A0EC00C2ECD1 /* AppDelegate.swift */; };
		EAA6B6E02A83A0EC00C2ECD1 /* SceneDelegate.swift in Sources */ = {isa = PBXBuildFile; fileRef = EAA6B6DF2A83A0EC00C2ECD1 /* SceneDelegate.swift */; };
		EAA6B6E22A83A0EC00C2ECD1 /* BookshelfViewController.swift in Sources */ = {isa = PBXBuildFile; fileRef = EAA6B6E12A83A0EC00C2ECD1 /* BookshelfViewController.swift */; };
		EAA6B6E52A83A0EC00C2ECD1 /* Main.storyboard in Resources */ = {isa = PBXBuildFile; fileRef = EAA6B6E32A83A0EC00C2ECD1 /* Main.storyboard */; };
		EAA6B6E72A83A0EE00C2ECD1 /* Assets.xcassets in Resources */ = {isa = PBXBuildFile; fileRef = EAA6B6E62A83A0EE00C2ECD1 /* Assets.xcassets */; };
		EAA6B6EA2A83A0EE00C2ECD1 /* LaunchScreen.storyboard in Resources */ = {isa = PBXBuildFile; fileRef = EAA6B6E82A83A0EE00C2ECD1 /* LaunchScreen.storyboard */; };
		EAA6B6F32A83A14300C2ECD1 /* Alamofire in Frameworks */ = {isa = PBXBuildFile; productRef = EAA6B6F22A83A14300C2ECD1 /* Alamofire */; };
		EAA6B6F62A83A19300C2ECD1 /* Kingfisher in Frameworks */ = {isa = PBXBuildFile; productRef = EAA6B6F52A83A19300C2ECD1 /* Kingfisher */; };
		EAA6B6F82A83A38700C2ECD1 /* APIKey.swift in Sources */ = {isa = PBXBuildFile; fileRef = EAA6B6F72A83A38700C2ECD1 /* APIKey.swift */; };
		EAA6B6FA2A83A97C00C2ECD1 /* Book.swift in Sources */ = {isa = PBXBuildFile; fileRef = EAA6B6F92A83A97C00C2ECD1 /* Book.swift */; };
		EAA6B7002A83ED0B00C2ECD1 /* BookshelfCollectionViewCell.swift in Sources */ = {isa = PBXBuildFile; fileRef = EAA6B6FE2A83ED0B00C2ECD1 /* BookshelfCollectionViewCell.swift */; };
		EAA6B7012A83ED0B00C2ECD1 /* BookshelfCollectionViewCell.xib in Resources */ = {isa = PBXBuildFile; fileRef = EAA6B6FF2A83ED0B00C2ECD1 /* BookshelfCollectionViewCell.xib */; };
		EAA6B7032A84098200C2ECD1 /* DetailViewController.swift in Sources */ = {isa = PBXBuildFile; fileRef = EAA6B7022A84098200C2ECD1 /* DetailViewController.swift */; };
		EAA6B7072A84131F00C2ECD1 /* Extension+Array.swift in Sources */ = {isa = PBXBuildFile; fileRef = EAA6B7062A84131F00C2ECD1 /* Extension+Array.swift */; };
/* End PBXBuildFile section */

/* Begin PBXFileReference section */
		EA3673E62AA61F9C0097F2D0 /* Bookmark.swift */ = {isa = PBXFileReference; lastKnownFileType = sourcecode.swift; path = Bookmark.swift; sourceTree = "<group>"; };
		EA3673E82AA62AE20097F2D0 /* BookmarkViewController.swift */ = {isa = PBXFileReference; lastKnownFileType = sourcecode.swift; path = BookmarkViewController.swift; sourceTree = "<group>"; };
		EAA6B6DA2A83A0EC00C2ECD1 /* Bookworm.app */ = {isa = PBXFileReference; explicitFileType = wrapper.application; includeInIndex = 0; path = Bookworm.app; sourceTree = BUILT_PRODUCTS_DIR; };
		EAA6B6DD2A83A0EC00C2ECD1 /* AppDelegate.swift */ = {isa = PBXFileReference; lastKnownFileType = sourcecode.swift; path = AppDelegate.swift; sourceTree = "<group>"; };
		EAA6B6DF2A83A0EC00C2ECD1 /* SceneDelegate.swift */ = {isa = PBXFileReference; lastKnownFileType = sourcecode.swift; path = SceneDelegate.swift; sourceTree = "<group>"; };
		EAA6B6E12A83A0EC00C2ECD1 /* BookshelfViewController.swift */ = {isa = PBXFileReference; lastKnownFileType = sourcecode.swift; path = BookshelfViewController.swift; sourceTree = "<group>"; };
		EAA6B6E42A83A0EC00C2ECD1 /* Base */ = {isa = PBXFileReference; lastKnownFileType = file.storyboard; name = Base; path = Base.lproj/Main.storyboard; sourceTree = "<group>"; };
		EAA6B6E62A83A0EE00C2ECD1 /* Assets.xcassets */ = {isa = PBXFileReference; lastKnownFileType = folder.assetcatalog; path = Assets.xcassets; sourceTree = "<group>"; };
		EAA6B6E92A83A0EE00C2ECD1 /* Base */ = {isa = PBXFileReference; lastKnownFileType = file.storyboard; name = Base; path = Base.lproj/LaunchScreen.storyboard; sourceTree = "<group>"; };
		EAA6B6EB2A83A0EE00C2ECD1 /* Info.plist */ = {isa = PBXFileReference; lastKnownFileType = text.plist.xml; path = Info.plist; sourceTree = "<group>"; };
		EAA6B6F72A83A38700C2ECD1 /* APIKey.swift */ = {isa = PBXFileReference; lastKnownFileType = sourcecode.swift; path = APIKey.swift; sourceTree = "<group>"; };
		EAA6B6F92A83A97C00C2ECD1 /* Book.swift */ = {isa = PBXFileReference; lastKnownFileType = sourcecode.swift; path = Book.swift; sourceTree = "<group>"; };
		EAA6B6FE2A83ED0B00C2ECD1 /* BookshelfCollectionViewCell.swift */ = {isa = PBXFileReference; lastKnownFileType = sourcecode.swift; path = BookshelfCollectionViewCell.swift; sourceTree = "<group>"; };
		EAA6B6FF2A83ED0B00C2ECD1 /* BookshelfCollectionViewCell.xib */ = {isa = PBXFileReference; lastKnownFileType = file.xib; path = BookshelfCollectionViewCell.xib; sourceTree = "<group>"; };
		EAA6B7022A84098200C2ECD1 /* DetailViewController.swift */ = {isa = PBXFileReference; lastKnownFileType = sourcecode.swift; path = DetailViewController.swift; sourceTree = "<group>"; };
		EAA6B7062A84131F00C2ECD1 /* Extension+Array.swift */ = {isa = PBXFileReference; lastKnownFileType = sourcecode.swift; path = "Extension+Array.swift"; sourceTree = "<group>"; };
/* End PBXFileReference section */

/* Begin PBXFrameworksBuildPhase section */
		EAA6B6D72A83A0EC00C2ECD1 /* Frameworks */ = {
			isa = PBXFrameworksBuildPhase;
			buildActionMask = 2147483647;
			files = (
				EA3673E52AA61F170097F2D0 /* RealmSwift in Frameworks */,
				EA3673E32AA61F170097F2D0 /* Realm in Frameworks */,
				EAA6B6F62A83A19300C2ECD1 /* Kingfisher in Frameworks */,
				EAA6B6F32A83A14300C2ECD1 /* Alamofire in Frameworks */,
			);
			runOnlyForDeploymentPostprocessing = 0;
		};
/* End PBXFrameworksBuildPhase section */

/* Begin PBXGroup section */
		EAA6B6D12A83A0EC00C2ECD1 = {
			isa = PBXGroup;
			children = (
				EAA6B6DC2A83A0EC00C2ECD1 /* Bookworm */,
				EAA6B6DB2A83A0EC00C2ECD1 /* Products */,
			);
			sourceTree = "<group>";
		};
		EAA6B6DB2A83A0EC00C2ECD1 /* Products */ = {
			isa = PBXGroup;
			children = (
				EAA6B6DA2A83A0EC00C2ECD1 /* Bookworm.app */,
			);
			name = Products;
			sourceTree = "<group>";
		};
		EAA6B6DC2A83A0EC00C2ECD1 /* Bookworm */ = {
			isa = PBXGroup;
			children = (
				EAA6B6DD2A83A0EC00C2ECD1 /* AppDelegate.swift */,
				EAA6B6DF2A83A0EC00C2ECD1 /* SceneDelegate.swift */,
				EAA6B7062A84131F00C2ECD1 /* Extension+Array.swift */,
				EAA6B6F92A83A97C00C2ECD1 /* Book.swift */,
				EA3673E62AA61F9C0097F2D0 /* Bookmark.swift */,
				EAA6B6E12A83A0EC00C2ECD1 /* BookshelfViewController.swift */,
				EAA6B6FE2A83ED0B00C2ECD1 /* BookshelfCollectionViewCell.swift */,
				EAA6B6FF2A83ED0B00C2ECD1 /* BookshelfCollectionViewCell.xib */,
				EA3673E82AA62AE20097F2D0 /* BookmarkViewController.swift */,
				EAA6B7022A84098200C2ECD1 /* DetailViewController.swift */,
				EAA6B6E32A83A0EC00C2ECD1 /* Main.storyboard */,
				EAA6B6E62A83A0EE00C2ECD1 /* Assets.xcassets */,
				EAA6B6E82A83A0EE00C2ECD1 /* LaunchScreen.storyboard */,
				EAA6B6EB2A83A0EE00C2ECD1 /* Info.plist */,
				EAA6B6F72A83A38700C2ECD1 /* APIKey.swift */,
			);
			path = Bookworm;
			sourceTree = "<group>";
		};
/* End PBXGroup section */

/* Begin PBXNativeTarget section */
		EAA6B6D92A83A0EC00C2ECD1 /* Bookworm */ = {
			isa = PBXNativeTarget;
			buildConfigurationList = EAA6B6EE2A83A0EE00C2ECD1 /* Build configuration list for PBXNativeTarget "Bookworm" */;
			buildPhases = (
				EAA6B6D62A83A0EC00C2ECD1 /* Sources */,
				EAA6B6D72A83A0EC00C2ECD1 /* Frameworks */,
				EAA6B6D82A83A0EC00C2ECD1 /* Resources */,
			);
			buildRules = (
			);
			dependencies = (
			);
			name = Bookworm;
			packageProductDependencies = (
				EAA6B6F22A83A14300C2ECD1 /* Alamofire */,
				EAA6B6F52A83A19300C2ECD1 /* Kingfisher */,
				EA3673E22AA61F170097F2D0 /* Realm */,
				EA3673E42AA61F170097F2D0 /* RealmSwift */,
			);
			productName = Bookworm;
			productReference = EAA6B6DA2A83A0EC00C2ECD1 /* Bookworm.app */;
			productType = "com.apple.product-type.application";
		};
/* End PBXNativeTarget section */

/* Begin PBXProject section */
		EAA6B6D22A83A0EC00C2ECD1 /* Project object */ = {
			isa = PBXProject;
			attributes = {
				BuildIndependentTargetsInParallel = 1;
				LastSwiftUpdateCheck = 1430;
				LastUpgradeCheck = 1430;
				TargetAttributes = {
					EAA6B6D92A83A0EC00C2ECD1 = {
						CreatedOnToolsVersion = 14.3.1;
					};
				};
			};
			buildConfigurationList = EAA6B6D52A83A0EC00C2ECD1 /* Build configuration list for PBXProject "Bookworm" */;
			compatibilityVersion = "Xcode 14.0";
			developmentRegion = en;
			hasScannedForEncodings = 0;
			knownRegions = (
				en,
				Base,
			);
			mainGroup = EAA6B6D12A83A0EC00C2ECD1;
			packageReferences = (
				EAA6B6F12A83A14300C2ECD1 /* XCRemoteSwiftPackageReference "Alamofire" */,
				EAA6B6F42A83A19300C2ECD1 /* XCRemoteSwiftPackageReference "Kingfisher" */,
				EAA6B6FB2A83D0DD00C2ECD1 /* XCRemoteSwiftPackageReference "SwiftyJSON" */,
				EA3673E12AA61F170097F2D0 /* XCRemoteSwiftPackageReference "realm-swift" */,
			);
			productRefGroup = EAA6B6DB2A83A0EC00C2ECD1 /* Products */;
			projectDirPath = "";
			projectRoot = "";
			targets = (
				EAA6B6D92A83A0EC00C2ECD1 /* Bookworm */,
			);
		};
/* End PBXProject section */

/* Begin PBXResourcesBuildPhase section */
		EAA6B6D82A83A0EC00C2ECD1 /* Resources */ = {
			isa = PBXResourcesBuildPhase;
			buildActionMask = 2147483647;
			files = (
				EAA6B7012A83ED0B00C2ECD1 /* BookshelfCollectionViewCell.xib in Resources */,
				EAA6B6EA2A83A0EE00C2ECD1 /* LaunchScreen.storyboard in Resources */,
				EAA6B6E72A83A0EE00C2ECD1 /* Assets.xcassets in Resources */,
				EAA6B6E52A83A0EC00C2ECD1 /* Main.storyboard in Resources */,
			);
			runOnlyForDeploymentPostprocessing = 0;
		};
/* End PBXResourcesBuildPhase section */

/* Begin PBXSourcesBuildPhase section */
		EAA6B6D62A83A0EC00C2ECD1 /* Sources */ = {
			isa = PBXSourcesBuildPhase;
			buildActionMask = 2147483647;
			files = (
				EAA6B7072A84131F00C2ECD1 /* Extension+Array.swift in Sources */,
				EAA6B6E22A83A0EC00C2ECD1 /* BookshelfViewController.swift in Sources */,
				EAA6B6DE2A83A0EC00C2ECD1 /* AppDelegate.swift in Sources */,
				EA3673E72AA61F9C0097F2D0 /* Bookmark.swift in Sources */,
				EA3673E92AA62AE20097F2D0 /* BookmarkViewController.swift in Sources */,
				EAA6B7002A83ED0B00C2ECD1 /* BookshelfCollectionViewCell.swift in Sources */,
				EAA6B6F82A83A38700C2ECD1 /* APIKey.swift in Sources */,
				EAA6B6FA2A83A97C00C2ECD1 /* Book.swift in Sources */,
				EAA6B6E02A83A0EC00C2ECD1 /* SceneDelegate.swift in Sources */,
				EAA6B7032A84098200C2ECD1 /* DetailViewController.swift in Sources */,
			);
			runOnlyForDeploymentPostprocessing = 0;
		};
/* End PBXSourcesBuildPhase section */

/* Begin PBXVariantGroup section */
		EAA6B6E32A83A0EC00C2ECD1 /* Main.storyboard */ = {
			isa = PBXVariantGroup;
			children = (
				EAA6B6E42A83A0EC00C2ECD1 /* Base */,
			);
			name = Main.storyboard;
			sourceTree = "<group>";
		};
		EAA6B6E82A83A0EE00C2ECD1 /* LaunchScreen.storyboard */ = {
			isa = PBXVariantGroup;
			children = (
				EAA6B6E92A83A0EE00C2ECD1 /* Base */,
			);
			name = LaunchScreen.storyboard;
			sourceTree = "<group>";
		};
/* End PBXVariantGroup section */

/* Begin XCBuildConfiguration section */
		EAA6B6EC2A83A0EE00C2ECD1 /* Debug */ = {
			isa = XCBuildConfiguration;
			buildSettings = {
				ALWAYS_SEARCH_USER_PATHS = NO;
				CLANG_ANALYZER_NONNULL = YES;
				CLANG_ANALYZER_NUMBER_OBJECT_CONVERSION = YES_AGGRESSIVE;
				CLANG_CXX_LANGUAGE_STANDARD = "gnu++20";
				CLANG_ENABLE_MODULES = YES;
				CLANG_ENABLE_OBJC_ARC = YES;
				CLANG_ENABLE_OBJC_WEAK = YES;
				CLANG_WARN_BLOCK_CAPTURE_AUTORELEASING = YES;
				CLANG_WARN_BOOL_CONVERSION = YES;
				CLANG_WARN_COMMA = YES;
				CLANG_WARN_CONSTANT_CONVERSION = YES;
				CLANG_WARN_DEPRECATED_OBJC_IMPLEMENTATIONS = YES;
				CLANG_WARN_DIRECT_OBJC_ISA_USAGE = YES_ERROR;
				CLANG_WARN_DOCUMENTATION_COMMENTS = YES;
				CLANG_WARN_EMPTY_BODY = YES;
				CLANG_WARN_ENUM_CONVERSION = YES;
				CLANG_WARN_INFINITE_RECURSION = YES;
				CLANG_WARN_INT_CONVERSION = YES;
				CLANG_WARN_NON_LITERAL_NULL_CONVERSION = YES;
				CLANG_WARN_OBJC_IMPLICIT_RETAIN_SELF = YES;
				CLANG_WARN_OBJC_LITERAL_CONVERSION = YES;
				CLANG_WARN_OBJC_ROOT_CLASS = YES_ERROR;
				CLANG_WARN_QUOTED_INCLUDE_IN_FRAMEWORK_HEADER = YES;
				CLANG_WARN_RANGE_LOOP_ANALYSIS = YES;
				CLANG_WARN_STRICT_PROTOTYPES = YES;
				CLANG_WARN_SUSPICIOUS_MOVE = YES;
				CLANG_WARN_UNGUARDED_AVAILABILITY = YES_AGGRESSIVE;
				CLANG_WARN_UNREACHABLE_CODE = YES;
				CLANG_WARN__DUPLICATE_METHOD_MATCH = YES;
				COPY_PHASE_STRIP = NO;
				DEBUG_INFORMATION_FORMAT = dwarf;
				ENABLE_STRICT_OBJC_MSGSEND = YES;
				ENABLE_TESTABILITY = YES;
				GCC_C_LANGUAGE_STANDARD = gnu11;
				GCC_DYNAMIC_NO_PIC = NO;
				GCC_NO_COMMON_BLOCKS = YES;
				GCC_OPTIMIZATION_LEVEL = 0;
				GCC_PREPROCESSOR_DEFINITIONS = (
					"DEBUG=1",
					"$(inherited)",
				);
				GCC_WARN_64_TO_32_BIT_CONVERSION = YES;
				GCC_WARN_ABOUT_RETURN_TYPE = YES_ERROR;
				GCC_WARN_UNDECLARED_SELECTOR = YES;
				GCC_WARN_UNINITIALIZED_AUTOS = YES_AGGRESSIVE;
				GCC_WARN_UNUSED_FUNCTION = YES;
				GCC_WARN_UNUSED_VARIABLE = YES;
				IPHONEOS_DEPLOYMENT_TARGET = 16.4;
				MTL_ENABLE_DEBUG_INFO = INCLUDE_SOURCE;
				MTL_FAST_MATH = YES;
				ONLY_ACTIVE_ARCH = YES;
				SDKROOT = iphoneos;
				SWIFT_ACTIVE_COMPILATION_CONDITIONS = DEBUG;
				SWIFT_OPTIMIZATION_LEVEL = "-Onone";
			};
			name = Debug;
		};
		EAA6B6ED2A83A0EE00C2ECD1 /* Release */ = {
			isa = XCBuildConfiguration;
			buildSettings = {
				ALWAYS_SEARCH_USER_PATHS = NO;
				CLANG_ANALYZER_NONNULL = YES;
				CLANG_ANALYZER_NUMBER_OBJECT_CONVERSION = YES_AGGRESSIVE;
				CLANG_CXX_LANGUAGE_STANDARD = "gnu++20";
				CLANG_ENABLE_MODULES = YES;
				CLANG_ENABLE_OBJC_ARC = YES;
				CLANG_ENABLE_OBJC_WEAK = YES;
				CLANG_WARN_BLOCK_CAPTURE_AUTORELEASING = YES;
				CLANG_WARN_BOOL_CONVERSION = YES;
				CLANG_WARN_COMMA = YES;
				CLANG_WARN_CONSTANT_CONVERSION = YES;
				CLANG_WARN_DEPRECATED_OBJC_IMPLEMENTATIONS = YES;
				CLANG_WARN_DIRECT_OBJC_ISA_USAGE = YES_ERROR;
				CLANG_WARN_DOCUMENTATION_COMMENTS = YES;
				CLANG_WARN_EMPTY_BODY = YES;
				CLANG_WARN_ENUM_CONVERSION = YES;
				CLANG_WARN_INFINITE_RECURSION = YES;
				CLANG_WARN_INT_CONVERSION = YES;
				CLANG_WARN_NON_LITERAL_NULL_CONVERSION = YES;
				CLANG_WARN_OBJC_IMPLICIT_RETAIN_SELF = YES;
				CLANG_WARN_OBJC_LITERAL_CONVERSION = YES;
				CLANG_WARN_OBJC_ROOT_CLASS = YES_ERROR;
				CLANG_WARN_QUOTED_INCLUDE_IN_FRAMEWORK_HEADER = YES;
				CLANG_WARN_RANGE_LOOP_ANALYSIS = YES;
				CLANG_WARN_STRICT_PROTOTYPES = YES;
				CLANG_WARN_SUSPICIOUS_MOVE = YES;
				CLANG_WARN_UNGUARDED_AVAILABILITY = YES_AGGRESSIVE;
				CLANG_WARN_UNREACHABLE_CODE = YES;
				CLANG_WARN__DUPLICATE_METHOD_MATCH = YES;
				COPY_PHASE_STRIP = NO;
				DEBUG_INFORMATION_FORMAT = "dwarf-with-dsym";
				ENABLE_NS_ASSERTIONS = NO;
				ENABLE_STRICT_OBJC_MSGSEND = YES;
				GCC_C_LANGUAGE_STANDARD = gnu11;
				GCC_NO_COMMON_BLOCKS = YES;
				GCC_WARN_64_TO_32_BIT_CONVERSION = YES;
				GCC_WARN_ABOUT_RETURN_TYPE = YES_ERROR;
				GCC_WARN_UNDECLARED_SELECTOR = YES;
				GCC_WARN_UNINITIALIZED_AUTOS = YES_AGGRESSIVE;
				GCC_WARN_UNUSED_FUNCTION = YES;
				GCC_WARN_UNUSED_VARIABLE = YES;
				IPHONEOS_DEPLOYMENT_TARGET = 16.4;
				MTL_ENABLE_DEBUG_INFO = NO;
				MTL_FAST_MATH = YES;
				SDKROOT = iphoneos;
				SWIFT_COMPILATION_MODE = wholemodule;
				SWIFT_OPTIMIZATION_LEVEL = "-O";
				VALIDATE_PRODUCT = YES;
			};
			name = Release;
		};
		EAA6B6EF2A83A0EE00C2ECD1 /* Debug */ = {
			isa = XCBuildConfiguration;
			buildSettings = {
				ASSETCATALOG_COMPILER_APPICON_NAME = AppIcon;
				ASSETCATALOG_COMPILER_GLOBAL_ACCENT_COLOR_NAME = AccentColor;
				CODE_SIGN_STYLE = Automatic;
				CURRENT_PROJECT_VERSION = 1;
				DEVELOPMENT_TEAM = R5LJ29W6V2;
				GENERATE_INFOPLIST_FILE = YES;
				INFOPLIST_FILE = Bookworm/Info.plist;
				INFOPLIST_KEY_UIApplicationSupportsIndirectInputEvents = YES;
				INFOPLIST_KEY_UILaunchStoryboardName = LaunchScreen;
				INFOPLIST_KEY_UIMainStoryboardFile = Main;
				INFOPLIST_KEY_UISupportedInterfaceOrientations_iPad = "UIInterfaceOrientationPortrait UIInterfaceOrientationPortraitUpsideDown UIInterfaceOrientationLandscapeLeft UIInterfaceOrientationLandscapeRight";
				INFOPLIST_KEY_UISupportedInterfaceOrientations_iPhone = "UIInterfaceOrientationPortrait UIInterfaceOrientationLandscapeLeft UIInterfaceOrientationLandscapeRight";
				IPHONEOS_DEPLOYMENT_TARGET = 16.0;
				LD_RUNPATH_SEARCH_PATHS = (
					"$(inherited)",
					"@executable_path/Frameworks",
				);
				MARKETING_VERSION = 1.0;
				PRODUCT_BUNDLE_IDENTIFIER = com.chap.Bookworm;
				PRODUCT_NAME = "$(TARGET_NAME)";
				SUPPORTED_PLATFORMS = "iphoneos iphonesimulator";
				SUPPORTS_MACCATALYST = NO;
				SUPPORTS_MAC_DESIGNED_FOR_IPHONE_IPAD = NO;
				SWIFT_EMIT_LOC_STRINGS = YES;
				SWIFT_VERSION = 5.0;
				TARGETED_DEVICE_FAMILY = 1;
			};
			name = Debug;
		};
		EAA6B6F02A83A0EE00C2ECD1 /* Release */ = {
			isa = XCBuildConfiguration;
			buildSettings = {
				ASSETCATALOG_COMPILER_APPICON_NAME = AppIcon;
				ASSETCATALOG_COMPILER_GLOBAL_ACCENT_COLOR_NAME = AccentColor;
				CODE_SIGN_STYLE = Automatic;
				CURRENT_PROJECT_VERSION = 1;
				DEVELOPMENT_TEAM = R5LJ29W6V2;
				GENERATE_INFOPLIST_FILE = YES;
				INFOPLIST_FILE = Bookworm/Info.plist;
				INFOPLIST_KEY_UIApplicationSupportsIndirectInputEvents = YES;
				INFOPLIST_KEY_UILaunchStoryboardName = LaunchScreen;
				INFOPLIST_KEY_UIMainStoryboardFile = Main;
				INFOPLIST_KEY_UISupportedInterfaceOrientations_iPad = "UIInterfaceOrientationPortrait UIInterfaceOrientationPortraitUpsideDown UIInterfaceOrientationLandscapeLeft UIInterfaceOrientationLandscapeRight";
				INFOPLIST_KEY_UISupportedInterfaceOrientations_iPhone = "UIInterfaceOrientationPortrait UIInterfaceOrientationLandscapeLeft UIInterfaceOrientationLandscapeRight";
				IPHONEOS_DEPLOYMENT_TARGET = 16.0;
				LD_RUNPATH_SEARCH_PATHS = (
					"$(inherited)",
					"@executable_path/Frameworks",
				);
				MARKETING_VERSION = 1.0;
				PRODUCT_BUNDLE_IDENTIFIER = com.chap.Bookworm;
				PRODUCT_NAME = "$(TARGET_NAME)";
				SUPPORTED_PLATFORMS = "iphoneos iphonesimulator";
				SUPPORTS_MACCATALYST = NO;
				SUPPORTS_MAC_DESIGNED_FOR_IPHONE_IPAD = NO;
				SWIFT_EMIT_LOC_STRINGS = YES;
				SWIFT_VERSION = 5.0;
				TARGETED_DEVICE_FAMILY = 1;
			};
			name = Release;
		};
/* End XCBuildConfiguration section */

/* Begin XCConfigurationList section */
		EAA6B6D52A83A0EC00C2ECD1 /* Build configuration list for PBXProject "Bookworm" */ = {
			isa = XCConfigurationList;
			buildConfigurations = (
				EAA6B6EC2A83A0EE00C2ECD1 /* Debug */,
				EAA6B6ED2A83A0EE00C2ECD1 /* Release */,
			);
			defaultConfigurationIsVisible = 0;
			defaultConfigurationName = Release;
		};
		EAA6B6EE2A83A0EE00C2ECD1 /* Build configuration list for PBXNativeTarget "Bookworm" */ = {
			isa = XCConfigurationList;
			buildConfigurations = (
				EAA6B6EF2A83A0EE00C2ECD1 /* Debug */,
				EAA6B6F02A83A0EE00C2ECD1 /* Release */,
			);
			defaultConfigurationIsVisible = 0;
			defaultConfigurationName = Release;
		};
/* End XCConfigurationList section */

/* Begin XCRemoteSwiftPackageReference section */
		EA3673E12AA61F170097F2D0 /* XCRemoteSwiftPackageReference "realm-swift" */ = {
			isa = XCRemoteSwiftPackageReference;
			repositoryURL = "https://github.com/realm/realm-swift";
			requirement = {
				branch = master;
				kind = branch;
			};
		};
		EAA6B6F12A83A14300C2ECD1 /* XCRemoteSwiftPackageReference "Alamofire" */ = {
			isa = XCRemoteSwiftPackageReference;
			repositoryURL = "https://github.com/Alamofire/Alamofire";
			requirement = {
				kind = upToNextMajorVersion;
				minimumVersion = 5.0.0;
			};
		};
		EAA6B6F42A83A19300C2ECD1 /* XCRemoteSwiftPackageReference "Kingfisher" */ = {
			isa = XCRemoteSwiftPackageReference;
			repositoryURL = "https://github.com/onevcat/Kingfisher";
			requirement = {
				kind = upToNextMajorVersion;
				minimumVersion = 7.0.0;
			};
		};
		EAA6B6FB2A83D0DD00C2ECD1 /* XCRemoteSwiftPackageReference "SwiftyJSON" */ = {
			isa = XCRemoteSwiftPackageReference;
			repositoryURL = "https://github.com/SwiftyJSON/SwiftyJSON.git";
			requirement = {
				kind = upToNextMajorVersion;
				minimumVersion = 5.0.0;
			};
		};
/* End XCRemoteSwiftPackageReference section */

/* Begin XCSwiftPackageProductDependency section */
		EA3673E22AA61F170097F2D0 /* Realm */ = {
			isa = XCSwiftPackageProductDependency;
			package = EA3673E12AA61F170097F2D0 /* XCRemoteSwiftPackageReference "realm-swift" */;
			productName = Realm;
		};
		EA3673E42AA61F170097F2D0 /* RealmSwift */ = {
			isa = XCSwiftPackageProductDependency;
			package = EA3673E12AA61F170097F2D0 /* XCRemoteSwiftPackageReference "realm-swift" */;
			productName = RealmSwift;
		};
		EAA6B6F22A83A14300C2ECD1 /* Alamofire */ = {
			isa = XCSwiftPackageProductDependency;
			package = EAA6B6F12A83A14300C2ECD1 /* XCRemoteSwiftPackageReference "Alamofire" */;
			productName = Alamofire;
		};
		EAA6B6F52A83A19300C2ECD1 /* Kingfisher */ = {
			isa = XCSwiftPackageProductDependency;
			package = EAA6B6F42A83A19300C2ECD1 /* XCRemoteSwiftPackageReference "Kingfisher" */;
			productName = Kingfisher;
		};
/* End XCSwiftPackageProductDependency section */
	};
	rootObject = EAA6B6D22A83A0EC00C2ECD1 /* Project object */;
}
