// !$*UTF8*$!
{
	archiveVersion = 1;
	classes = {
	};
	objectVersion = 56;
	objects = {

/* Begin PBXBuildFile section */
		EA4C66852A827D4D0037F264 /* AppDelegate.swift in Sources */ = {isa = PBXBuildFile; fileRef = EA4C66842A827D4D0037F264 /* AppDelegate.swift */; };
		EA4C66872A827D4D0037F264 /* SceneDelegate.swift in Sources */ = {isa = PBXBuildFile; fileRef = EA4C66862A827D4D0037F264 /* SceneDelegate.swift */; };
		EA4C66892A827D4D0037F264 /* MainViewController.swift in Sources */ = {isa = PBXBuildFile; fileRef = EA4C66882A827D4D0037F264 /* MainViewController.swift */; };
		EA4C668C2A827D4D0037F264 /* Main.storyboard in Resources */ = {isa = PBXBuildFile; fileRef = EA4C668A2A827D4D0037F264 /* Main.storyboard */; };
		EA4C668E2A827D4F0037F264 /* Assets.xcassets in Resources */ = {isa = PBXBuildFile; fileRef = EA4C668D2A827D4F0037F264 /* Assets.xcassets */; };
		EA4C66912A827D4F0037F264 /* LaunchScreen.storyboard in Resources */ = {isa = PBXBuildFile; fileRef = EA4C668F2A827D4F0037F264 /* LaunchScreen.storyboard */; };
		EA4C669A2A827F6E0037F264 /* BeerCollectionViewCell.swift in Sources */ = {isa = PBXBuildFile; fileRef = EA4C66982A827F6E0037F264 /* BeerCollectionViewCell.swift */; };
		EA4C669B2A827F6E0037F264 /* BeerCollectionViewCell.xib in Resources */ = {isa = PBXBuildFile; fileRef = EA4C66992A827F6E0037F264 /* BeerCollectionViewCell.xib */; };
		EA4C669D2A8286300037F264 /* Beer.swift in Sources */ = {isa = PBXBuildFile; fileRef = EA4C669C2A8286300037F264 /* Beer.swift */; };
		EA4C66A02A8288110037F264 /* Alamofire in Frameworks */ = {isa = PBXBuildFile; productRef = EA4C669F2A8288110037F264 /* Alamofire */; };
		EA4C66A62A82A1E40037F264 /* Kingfisher in Frameworks */ = {isa = PBXBuildFile; productRef = EA4C66A52A82A1E40037F264 /* Kingfisher */; };
/* End PBXBuildFile section */

/* Begin PBXFileReference section */
		EA4C66812A827D4D0037F264 /* BottleShop.app */ = {isa = PBXFileReference; explicitFileType = wrapper.application; includeInIndex = 0; path = BottleShop.app; sourceTree = BUILT_PRODUCTS_DIR; };
		EA4C66842A827D4D0037F264 /* AppDelegate.swift */ = {isa = PBXFileReference; lastKnownFileType = sourcecode.swift; path = AppDelegate.swift; sourceTree = "<group>"; };
		EA4C66862A827D4D0037F264 /* SceneDelegate.swift */ = {isa = PBXFileReference; lastKnownFileType = sourcecode.swift; path = SceneDelegate.swift; sourceTree = "<group>"; };
		EA4C66882A827D4D0037F264 /* MainViewController.swift */ = {isa = PBXFileReference; lastKnownFileType = sourcecode.swift; path = MainViewController.swift; sourceTree = "<group>"; };
		EA4C668B2A827D4D0037F264 /* Base */ = {isa = PBXFileReference; lastKnownFileType = file.storyboard; name = Base; path = Base.lproj/Main.storyboard; sourceTree = "<group>"; };
		EA4C668D2A827D4F0037F264 /* Assets.xcassets */ = {isa = PBXFileReference; lastKnownFileType = folder.assetcatalog; path = Assets.xcassets; sourceTree = "<group>"; };
		EA4C66902A827D4F0037F264 /* Base */ = {isa = PBXFileReference; lastKnownFileType = file.storyboard; name = Base; path = Base.lproj/LaunchScreen.storyboard; sourceTree = "<group>"; };
		EA4C66922A827D4F0037F264 /* Info.plist */ = {isa = PBXFileReference; lastKnownFileType = text.plist.xml; path = Info.plist; sourceTree = "<group>"; };
		EA4C66982A827F6E0037F264 /* BeerCollectionViewCell.swift */ = {isa = PBXFileReference; lastKnownFileType = sourcecode.swift; path = BeerCollectionViewCell.swift; sourceTree = "<group>"; };
		EA4C66992A827F6E0037F264 /* BeerCollectionViewCell.xib */ = {isa = PBXFileReference; lastKnownFileType = file.xib; path = BeerCollectionViewCell.xib; sourceTree = "<group>"; };
		EA4C669C2A8286300037F264 /* Beer.swift */ = {isa = PBXFileReference; lastKnownFileType = sourcecode.swift; path = Beer.swift; sourceTree = "<group>"; };
/* End PBXFileReference section */

/* Begin PBXFrameworksBuildPhase section */
		EA4C667E2A827D4D0037F264 /* Frameworks */ = {
			isa = PBXFrameworksBuildPhase;
			buildActionMask = 2147483647;
			files = (
				EA4C66A62A82A1E40037F264 /* Kingfisher in Frameworks */,
				EA4C66A02A8288110037F264 /* Alamofire in Frameworks */,
			);
			runOnlyForDeploymentPostprocessing = 0;
		};
/* End PBXFrameworksBuildPhase section */

/* Begin PBXGroup section */
		EA4C66782A827D4D0037F264 = {
			isa = PBXGroup;
			children = (
				EA4C66832A827D4D0037F264 /* BottleShop */,
				EA4C66822A827D4D0037F264 /* Products */,
			);
			sourceTree = "<group>";
		};
		EA4C66822A827D4D0037F264 /* Products */ = {
			isa = PBXGroup;
			children = (
				EA4C66812A827D4D0037F264 /* BottleShop.app */,
			);
			name = Products;
			sourceTree = "<group>";
		};
		EA4C66832A827D4D0037F264 /* BottleShop */ = {
			isa = PBXGroup;
			children = (
				EA4C66842A827D4D0037F264 /* AppDelegate.swift */,
				EA4C66862A827D4D0037F264 /* SceneDelegate.swift */,
				EA4C669C2A8286300037F264 /* Beer.swift */,
				EA4C66882A827D4D0037F264 /* MainViewController.swift */,
				EA4C66982A827F6E0037F264 /* BeerCollectionViewCell.swift */,
				EA4C66992A827F6E0037F264 /* BeerCollectionViewCell.xib */,
				EA4C668A2A827D4D0037F264 /* Main.storyboard */,
				EA4C668D2A827D4F0037F264 /* Assets.xcassets */,
				EA4C668F2A827D4F0037F264 /* LaunchScreen.storyboard */,
				EA4C66922A827D4F0037F264 /* Info.plist */,
			);
			path = BottleShop;
			sourceTree = "<group>";
		};
/* End PBXGroup section */

/* Begin PBXNativeTarget section */
		EA4C66802A827D4D0037F264 /* BottleShop */ = {
			isa = PBXNativeTarget;
			buildConfigurationList = EA4C66952A827D4F0037F264 /* Build configuration list for PBXNativeTarget "BottleShop" */;
			buildPhases = (
				EA4C667D2A827D4D0037F264 /* Sources */,
				EA4C667E2A827D4D0037F264 /* Frameworks */,
				EA4C667F2A827D4D0037F264 /* Resources */,
			);
			buildRules = (
			);
			dependencies = (
			);
			name = BottleShop;
			packageProductDependencies = (
				EA4C669F2A8288110037F264 /* Alamofire */,
				EA4C66A52A82A1E40037F264 /* Kingfisher */,
			);
			productName = BottleShop;
			productReference = EA4C66812A827D4D0037F264 /* BottleShop.app */;
			productType = "com.apple.product-type.application";
		};
/* End PBXNativeTarget section */

/* Begin PBXProject section */
		EA4C66792A827D4D0037F264 /* Project object */ = {
			isa = PBXProject;
			attributes = {
				BuildIndependentTargetsInParallel = 1;
				LastSwiftUpdateCheck = 1430;
				LastUpgradeCheck = 1430;
				TargetAttributes = {
					EA4C66802A827D4D0037F264 = {
						CreatedOnToolsVersion = 14.3.1;
					};
				};
			};
			buildConfigurationList = EA4C667C2A827D4D0037F264 /* Build configuration list for PBXProject "BottleShop" */;
			compatibilityVersion = "Xcode 14.0";
			developmentRegion = en;
			hasScannedForEncodings = 0;
			knownRegions = (
				en,
				Base,
			);
			mainGroup = EA4C66782A827D4D0037F264;
			packageReferences = (
				EA4C669E2A8288110037F264 /* XCRemoteSwiftPackageReference "Alamofire" */,
				EA4C66A12A82881D0037F264 /* XCRemoteSwiftPackageReference "SwiftyJSON" */,
				EA4C66A42A82A1E40037F264 /* XCRemoteSwiftPackageReference "Kingfisher" */,
			);
			productRefGroup = EA4C66822A827D4D0037F264 /* Products */;
			projectDirPath = "";
			projectRoot = "";
			targets = (
				EA4C66802A827D4D0037F264 /* BottleShop */,
			);
		};
/* End PBXProject section */

/* Begin PBXResourcesBuildPhase section */
		EA4C667F2A827D4D0037F264 /* Resources */ = {
			isa = PBXResourcesBuildPhase;
			buildActionMask = 2147483647;
			files = (
				EA4C669B2A827F6E0037F264 /* BeerCollectionViewCell.xib in Resources */,
				EA4C66912A827D4F0037F264 /* LaunchScreen.storyboard in Resources */,
				EA4C668E2A827D4F0037F264 /* Assets.xcassets in Resources */,
				EA4C668C2A827D4D0037F264 /* Main.storyboard in Resources */,
			);
			runOnlyForDeploymentPostprocessing = 0;
		};
/* End PBXResourcesBuildPhase section */

/* Begin PBXSourcesBuildPhase section */
		EA4C667D2A827D4D0037F264 /* Sources */ = {
			isa = PBXSourcesBuildPhase;
			buildActionMask = 2147483647;
			files = (
				EA4C669A2A827F6E0037F264 /* BeerCollectionViewCell.swift in Sources */,
				EA4C66892A827D4D0037F264 /* MainViewController.swift in Sources */,
				EA4C669D2A8286300037F264 /* Beer.swift in Sources */,
				EA4C66852A827D4D0037F264 /* AppDelegate.swift in Sources */,
				EA4C66872A827D4D0037F264 /* SceneDelegate.swift in Sources */,
			);
			runOnlyForDeploymentPostprocessing = 0;
		};
/* End PBXSourcesBuildPhase section */

/* Begin PBXVariantGroup section */
		EA4C668A2A827D4D0037F264 /* Main.storyboard */ = {
			isa = PBXVariantGroup;
			children = (
				EA4C668B2A827D4D0037F264 /* Base */,
			);
			name = Main.storyboard;
			sourceTree = "<group>";
		};
		EA4C668F2A827D4F0037F264 /* LaunchScreen.storyboard */ = {
			isa = PBXVariantGroup;
			children = (
				EA4C66902A827D4F0037F264 /* Base */,
			);
			name = LaunchScreen.storyboard;
			sourceTree = "<group>";
		};
/* End PBXVariantGroup section */

/* Begin XCBuildConfiguration section */
		EA4C66932A827D4F0037F264 /* Debug */ = {
			isa = XCBuildConfiguration;
			buildSettings = {
				ALWAYS_SEARCH_USER_PATHS = NO;
				CLANG_ANALYZER_NONNULL = YES;
				CLANG_ANALYZER_NUMBER_OBJECT_CONVERSION = YES_AGGRESSIVE;
				CLANG_CXX_LANGUAGE_STANDARD = "gnu++20";
				CLANG_ENABLE_MODULES = YES;
				CLANG_ENABLE_OBJC_ARC = YES;
				CLANG_ENABLE_OBJC_WEAK = YES;
				CLANG_WARN_BLOCK_CAPTURE_AUTORELEASING = YES;
				CLANG_WARN_BOOL_CONVERSION = YES;
				CLANG_WARN_COMMA = YES;
				CLANG_WARN_CONSTANT_CONVERSION = YES;
				CLANG_WARN_DEPRECATED_OBJC_IMPLEMENTATIONS = YES;
				CLANG_WARN_DIRECT_OBJC_ISA_USAGE = YES_ERROR;
				CLANG_WARN_DOCUMENTATION_COMMENTS = YES;
				CLANG_WARN_EMPTY_BODY = YES;
				CLANG_WARN_ENUM_CONVERSION = YES;
				CLANG_WARN_INFINITE_RECURSION = YES;
				CLANG_WARN_INT_CONVERSION = YES;
				CLANG_WARN_NON_LITERAL_NULL_CONVERSION = YES;
				CLANG_WARN_OBJC_IMPLICIT_RETAIN_SELF = YES;
				CLANG_WARN_OBJC_LITERAL_CONVERSION = YES;
				CLANG_WARN_OBJC_ROOT_CLASS = YES_ERROR;
				CLANG_WARN_QUOTED_INCLUDE_IN_FRAMEWORK_HEADER = YES;
				CLANG_WARN_RANGE_LOOP_ANALYSIS = YES;
				CLANG_WARN_STRICT_PROTOTYPES = YES;
				CLANG_WARN_SUSPICIOUS_MOVE = YES;
				CLANG_WARN_UNGUARDED_AVAILABILITY = YES_AGGRESSIVE;
				CLANG_WARN_UNREACHABLE_CODE = YES;
				CLANG_WARN__DUPLICATE_METHOD_MATCH = YES;
				COPY_PHASE_STRIP = NO;
				DEBUG_INFORMATION_FORMAT = dwarf;
				ENABLE_STRICT_OBJC_MSGSEND = YES;
				ENABLE_TESTABILITY = YES;
				GCC_C_LANGUAGE_STANDARD = gnu11;
				GCC_DYNAMIC_NO_PIC = NO;
				GCC_NO_COMMON_BLOCKS = YES;
				GCC_OPTIMIZATION_LEVEL = 0;
				GCC_PREPROCESSOR_DEFINITIONS = (
					"DEBUG=1",
					"$(inherited)",
				);
				GCC_WARN_64_TO_32_BIT_CONVERSION = YES;
				GCC_WARN_ABOUT_RETURN_TYPE = YES_ERROR;
				GCC_WARN_UNDECLARED_SELECTOR = YES;
				GCC_WARN_UNINITIALIZED_AUTOS = YES_AGGRESSIVE;
				GCC_WARN_UNUSED_FUNCTION = YES;
				GCC_WARN_UNUSED_VARIABLE = YES;
				IPHONEOS_DEPLOYMENT_TARGET = 16.4;
				MTL_ENABLE_DEBUG_INFO = INCLUDE_SOURCE;
				MTL_FAST_MATH = YES;
				ONLY_ACTIVE_ARCH = YES;
				SDKROOT = iphoneos;
				SWIFT_ACTIVE_COMPILATION_CONDITIONS = DEBUG;
				SWIFT_OPTIMIZATION_LEVEL = "-Onone";
			};
			name = Debug;
		};
		EA4C66942A827D4F0037F264 /* Release */ = {
			isa = XCBuildConfiguration;
			buildSettings = {
				ALWAYS_SEARCH_USER_PATHS = NO;
				CLANG_ANALYZER_NONNULL = YES;
				CLANG_ANALYZER_NUMBER_OBJECT_CONVERSION = YES_AGGRESSIVE;
				CLANG_CXX_LANGUAGE_STANDARD = "gnu++20";
				CLANG_ENABLE_MODULES = YES;
				CLANG_ENABLE_OBJC_ARC = YES;
				CLANG_ENABLE_OBJC_WEAK = YES;
				CLANG_WARN_BLOCK_CAPTURE_AUTORELEASING = YES;
				CLANG_WARN_BOOL_CONVERSION = YES;
				CLANG_WARN_COMMA = YES;
				CLANG_WARN_CONSTANT_CONVERSION = YES;
				CLANG_WARN_DEPRECATED_OBJC_IMPLEMENTATIONS = YES;
				CLANG_WARN_DIRECT_OBJC_ISA_USAGE = YES_ERROR;
				CLANG_WARN_DOCUMENTATION_COMMENTS = YES;
				CLANG_WARN_EMPTY_BODY = YES;
				CLANG_WARN_ENUM_CONVERSION = YES;
				CLANG_WARN_INFINITE_RECURSION = YES;
				CLANG_WARN_INT_CONVERSION = YES;
				CLANG_WARN_NON_LITERAL_NULL_CONVERSION = YES;
				CLANG_WARN_OBJC_IMPLICIT_RETAIN_SELF = YES;
				CLANG_WARN_OBJC_LITERAL_CONVERSION = YES;
				CLANG_WARN_OBJC_ROOT_CLASS = YES_ERROR;
				CLANG_WARN_QUOTED_INCLUDE_IN_FRAMEWORK_HEADER = YES;
				CLANG_WARN_RANGE_LOOP_ANALYSIS = YES;
				CLANG_WARN_STRICT_PROTOTYPES = YES;
				CLANG_WARN_SUSPICIOUS_MOVE = YES;
				CLANG_WARN_UNGUARDED_AVAILABILITY = YES_AGGRESSIVE;
				CLANG_WARN_UNREACHABLE_CODE = YES;
				CLANG_WARN__DUPLICATE_METHOD_MATCH = YES;
				COPY_PHASE_STRIP = NO;
				DEBUG_INFORMATION_FORMAT = "dwarf-with-dsym";
				ENABLE_NS_ASSERTIONS = NO;
				ENABLE_STRICT_OBJC_MSGSEND = YES;
				GCC_C_LANGUAGE_STANDARD = gnu11;
				GCC_NO_COMMON_BLOCKS = YES;
				GCC_WARN_64_TO_32_BIT_CONVERSION = YES;
				GCC_WARN_ABOUT_RETURN_TYPE = YES_ERROR;
				GCC_WARN_UNDECLARED_SELECTOR = YES;
				GCC_WARN_UNINITIALIZED_AUTOS = YES_AGGRESSIVE;
				GCC_WARN_UNUSED_FUNCTION = YES;
				GCC_WARN_UNUSED_VARIABLE = YES;
				IPHONEOS_DEPLOYMENT_TARGET = 16.4;
				MTL_ENABLE_DEBUG_INFO = NO;
				MTL_FAST_MATH = YES;
				SDKROOT = iphoneos;
				SWIFT_COMPILATION_MODE = wholemodule;
				SWIFT_OPTIMIZATION_LEVEL = "-O";
				VALIDATE_PRODUCT = YES;
			};
			name = Release;
		};
		EA4C66962A827D4F0037F264 /* Debug */ = {
			isa = XCBuildConfiguration;
			buildSettings = {
				ASSETCATALOG_COMPILER_APPICON_NAME = AppIcon;
				ASSETCATALOG_COMPILER_GLOBAL_ACCENT_COLOR_NAME = AccentColor;
				CODE_SIGN_STYLE = Automatic;
				CURRENT_PROJECT_VERSION = 1;
				DEVELOPMENT_TEAM = R5LJ29W6V2;
				GENERATE_INFOPLIST_FILE = YES;
				INFOPLIST_FILE = BottleShop/Info.plist;
				INFOPLIST_KEY_UIApplicationSupportsIndirectInputEvents = YES;
				INFOPLIST_KEY_UILaunchStoryboardName = LaunchScreen;
				INFOPLIST_KEY_UIMainStoryboardFile = Main;
				INFOPLIST_KEY_UISupportedInterfaceOrientations_iPad = "UIInterfaceOrientationPortrait UIInterfaceOrientationPortraitUpsideDown UIInterfaceOrientationLandscapeLeft UIInterfaceOrientationLandscapeRight";
				INFOPLIST_KEY_UISupportedInterfaceOrientations_iPhone = "UIInterfaceOrientationPortrait UIInterfaceOrientationLandscapeLeft UIInterfaceOrientationLandscapeRight";
				IPHONEOS_DEPLOYMENT_TARGET = 16.0;
				LD_RUNPATH_SEARCH_PATHS = (
					"$(inherited)",
					"@executable_path/Frameworks",
				);
				MARKETING_VERSION = 1.0;
				PRODUCT_BUNDLE_IDENTIFIER = com.chap.BottleShop;
				PRODUCT_NAME = "$(TARGET_NAME)";
				SUPPORTED_PLATFORMS = "iphoneos iphonesimulator";
				SUPPORTS_MACCATALYST = NO;
				SUPPORTS_MAC_DESIGNED_FOR_IPHONE_IPAD = NO;
				SWIFT_EMIT_LOC_STRINGS = YES;
				SWIFT_VERSION = 5.0;
				TARGETED_DEVICE_FAMILY = 1;
			};
			name = Debug;
		};
		EA4C66972A827D4F0037F264 /* Release */ = {
			isa = XCBuildConfiguration;
			buildSettings = {
				ASSETCATALOG_COMPILER_APPICON_NAME = AppIcon;
				ASSETCATALOG_COMPILER_GLOBAL_ACCENT_COLOR_NAME = AccentColor;
				CODE_SIGN_STYLE = Automatic;
				CURRENT_PROJECT_VERSION = 1;
				DEVELOPMENT_TEAM = R5LJ29W6V2;
				GENERATE_INFOPLIST_FILE = YES;
				INFOPLIST_FILE = BottleShop/Info.plist;
				INFOPLIST_KEY_UIApplicationSupportsIndirectInputEvents = YES;
				INFOPLIST_KEY_UILaunchStoryboardName = LaunchScreen;
				INFOPLIST_KEY_UIMainStoryboardFile = Main;
				INFOPLIST_KEY_UISupportedInterfaceOrientations_iPad = "UIInterfaceOrientationPortrait UIInterfaceOrientationPortraitUpsideDown UIInterfaceOrientationLandscapeLeft UIInterfaceOrientationLandscapeRight";
				INFOPLIST_KEY_UISupportedInterfaceOrientations_iPhone = "UIInterfaceOrientationPortrait UIInterfaceOrientationLandscapeLeft UIInterfaceOrientationLandscapeRight";
				IPHONEOS_DEPLOYMENT_TARGET = 16.0;
				LD_RUNPATH_SEARCH_PATHS = (
					"$(inherited)",
					"@executable_path/Frameworks",
				);
				MARKETING_VERSION = 1.0;
				PRODUCT_BUNDLE_IDENTIFIER = com.chap.BottleShop;
				PRODUCT_NAME = "$(TARGET_NAME)";
				SUPPORTED_PLATFORMS = "iphoneos iphonesimulator";
				SUPPORTS_MACCATALYST = NO;
				SUPPORTS_MAC_DESIGNED_FOR_IPHONE_IPAD = NO;
				SWIFT_EMIT_LOC_STRINGS = YES;
				SWIFT_VERSION = 5.0;
				TARGETED_DEVICE_FAMILY = 1;
			};
			name = Release;
		};
/* End XCBuildConfiguration section */

/* Begin XCConfigurationList section */
		EA4C667C2A827D4D0037F264 /* Build configuration list for PBXProject "BottleShop" */ = {
			isa = XCConfigurationList;
			buildConfigurations = (
				EA4C66932A827D4F0037F264 /* Debug */,
				EA4C66942A827D4F0037F264 /* Release */,
			);
			defaultConfigurationIsVisible = 0;
			defaultConfigurationName = Release;
		};
		EA4C66952A827D4F0037F264 /* Build configuration list for PBXNativeTarget "BottleShop" */ = {
			isa = XCConfigurationList;
			buildConfigurations = (
				EA4C66962A827D4F0037F264 /* Debug */,
				EA4C66972A827D4F0037F264 /* Release */,
			);
			defaultConfigurationIsVisible = 0;
			defaultConfigurationName = Release;
		};
/* End XCConfigurationList section */

/* Begin XCRemoteSwiftPackageReference section */
		EA4C669E2A8288110037F264 /* XCRemoteSwiftPackageReference "Alamofire" */ = {
			isa = XCRemoteSwiftPackageReference;
			repositoryURL = "https://github.com/Alamofire/Alamofire";
			requirement = {
				kind = upToNextMajorVersion;
				minimumVersion = 5.0.0;
			};
		};
		EA4C66A12A82881D0037F264 /* XCRemoteSwiftPackageReference "SwiftyJSON" */ = {
			isa = XCRemoteSwiftPackageReference;
			repositoryURL = "https://github.com/SwiftyJSON/SwiftyJSON.git";
			requirement = {
				kind = upToNextMajorVersion;
				minimumVersion = 5.0.0;
			};
		};
		EA4C66A42A82A1E40037F264 /* XCRemoteSwiftPackageReference "Kingfisher" */ = {
			isa = XCRemoteSwiftPackageReference;
			repositoryURL = "https://github.com/onevcat/Kingfisher";
			requirement = {
				kind = upToNextMajorVersion;
				minimumVersion = 7.0.0;
			};
		};
/* End XCRemoteSwiftPackageReference section */

/* Begin XCSwiftPackageProductDependency section */
		EA4C669F2A8288110037F264 /* Alamofire */ = {
			isa = XCSwiftPackageProductDependency;
			package = EA4C669E2A8288110037F264 /* XCRemoteSwiftPackageReference "Alamofire" */;
			productName = Alamofire;
		};
		EA4C66A52A82A1E40037F264 /* Kingfisher */ = {
			isa = XCSwiftPackageProductDependency;
			package = EA4C66A42A82A1E40037F264 /* XCRemoteSwiftPackageReference "Kingfisher" */;
			productName = Kingfisher;
		};
/* End XCSwiftPackageProductDependency section */
	};
	rootObject = EA4C66792A827D4D0037F264 /* Project object */;
}
