// !$*UTF8*$!
{
	archiveVersion = 1;
	classes = {
	};
	objectVersion = 56;
	objects = {

/* Begin PBXBuildFile section */
		EAA203C52AB09F9C00F5AE62 /* AppDelegate.swift in Sources */ = {isa = PBXBuildFile; fileRef = EAA203C42AB09F9C00F5AE62 /* AppDelegate.swift */; };
		EAA203C72AB09F9C00F5AE62 /* SceneDelegate.swift in Sources */ = {isa = PBXBuildFile; fileRef = EAA203C62AB09F9C00F5AE62 /* SceneDelegate.swift */; };
		EAA203CC2AB09F9C00F5AE62 /* Main.storyboard in Resources */ = {isa = PBXBuildFile; fileRef = EAA203CA2AB09F9C00F5AE62 /* Main.storyboard */; };
		EAA203CE2AB09F9D00F5AE62 /* Assets.xcassets in Resources */ = {isa = PBXBuildFile; fileRef = EAA203CD2AB09F9D00F5AE62 /* Assets.xcassets */; };
		EAA203D12AB09F9D00F5AE62 /* LaunchScreen.storyboard in Resources */ = {isa = PBXBuildFile; fileRef = EAA203CF2AB09F9D00F5AE62 /* LaunchScreen.storyboard */; };
		EAA203D92AB0B51600F5AE62 /* APIKey.swift in Sources */ = {isa = PBXBuildFile; fileRef = EAA203D82AB0B51600F5AE62 /* APIKey.swift */; };
		EAA203DC2AB0B57000F5AE62 /* Endpoint.swift in Sources */ = {isa = PBXBuildFile; fileRef = EAA203DB2AB0B57000F5AE62 /* Endpoint.swift */; };
		EAA203DE2AB0B59100F5AE62 /* UnsplashAPIManager.swift in Sources */ = {isa = PBXBuildFile; fileRef = EAA203DD2AB0B59100F5AE62 /* UnsplashAPIManager.swift */; };
		EAA203E12AB0B5C800F5AE62 /* Photo.swift in Sources */ = {isa = PBXBuildFile; fileRef = EAA203E02AB0B5C800F5AE62 /* Photo.swift */; };
		EAA203E42AB0B60400F5AE62 /* URL+.swift in Sources */ = {isa = PBXBuildFile; fileRef = EAA203E32AB0B60400F5AE62 /* URL+.swift */; };
		EAA203E72AB0B6B200F5AE62 /* PhotoViewController.swift in Sources */ = {isa = PBXBuildFile; fileRef = EAA203E62AB0B6B200F5AE62 /* PhotoViewController.swift */; };
		EAA203EF2AB0B7CA00F5AE62 /* BaseViewController.swift in Sources */ = {isa = PBXBuildFile; fileRef = EAA203EE2AB0B7CA00F5AE62 /* BaseViewController.swift */; };
		EAA203F22AB0BCAB00F5AE62 /* SnapKit in Frameworks */ = {isa = PBXBuildFile; productRef = EAA203F12AB0BCAB00F5AE62 /* SnapKit */; };
		EAA203F62AB0C4C300F5AE62 /* SearchResultViewController.swift in Sources */ = {isa = PBXBuildFile; fileRef = EAA203F52AB0C4C300F5AE62 /* SearchResultViewController.swift */; };
		EAA203F92AB0C6F300F5AE62 /* BaseCollectionViewCell.swift in Sources */ = {isa = PBXBuildFile; fileRef = EAA203F82AB0C6F300F5AE62 /* BaseCollectionViewCell.swift */; };
		EAA203FB2AB0C73700F5AE62 /* PhotoCollectionViewCell.swift in Sources */ = {isa = PBXBuildFile; fileRef = EAA203FA2AB0C73700F5AE62 /* PhotoCollectionViewCell.swift */; };
		EAA203FE2AB0C8D400F5AE62 /* ReusableProtocol.swift in Sources */ = {isa = PBXBuildFile; fileRef = EAA203FD2AB0C8D400F5AE62 /* ReusableProtocol.swift */; };
		EAA204032AB0CF3400F5AE62 /* Observable.swift in Sources */ = {isa = PBXBuildFile; fileRef = EAA204022AB0CF3400F5AE62 /* Observable.swift */; };
/* End PBXBuildFile section */

/* Begin PBXFileReference section */
		EAA203C12AB09F9C00F5AE62 /* Unsplash.app */ = {isa = PBXFileReference; explicitFileType = wrapper.application; includeInIndex = 0; path = Unsplash.app; sourceTree = BUILT_PRODUCTS_DIR; };
		EAA203C42AB09F9C00F5AE62 /* AppDelegate.swift */ = {isa = PBXFileReference; lastKnownFileType = sourcecode.swift; path = AppDelegate.swift; sourceTree = "<group>"; };
		EAA203C62AB09F9C00F5AE62 /* SceneDelegate.swift */ = {isa = PBXFileReference; lastKnownFileType = sourcecode.swift; path = SceneDelegate.swift; sourceTree = "<group>"; };
		EAA203CB2AB09F9C00F5AE62 /* Base */ = {isa = PBXFileReference; lastKnownFileType = file.storyboard; name = Base; path = Base.lproj/Main.storyboard; sourceTree = "<group>"; };
		EAA203CD2AB09F9D00F5AE62 /* Assets.xcassets */ = {isa = PBXFileReference; lastKnownFileType = folder.assetcatalog; path = Assets.xcassets; sourceTree = "<group>"; };
		EAA203D02AB09F9D00F5AE62 /* Base */ = {isa = PBXFileReference; lastKnownFileType = file.storyboard; name = Base; path = Base.lproj/LaunchScreen.storyboard; sourceTree = "<group>"; };
		EAA203D22AB09F9D00F5AE62 /* Info.plist */ = {isa = PBXFileReference; lastKnownFileType = text.plist.xml; path = Info.plist; sourceTree = "<group>"; };
		EAA203D82AB0B51600F5AE62 /* APIKey.swift */ = {isa = PBXFileReference; lastKnownFileType = sourcecode.swift; path = APIKey.swift; sourceTree = "<group>"; };
		EAA203DB2AB0B57000F5AE62 /* Endpoint.swift */ = {isa = PBXFileReference; lastKnownFileType = sourcecode.swift; path = Endpoint.swift; sourceTree = "<group>"; };
		EAA203DD2AB0B59100F5AE62 /* UnsplashAPIManager.swift */ = {isa = PBXFileReference; lastKnownFileType = sourcecode.swift; path = UnsplashAPIManager.swift; sourceTree = "<group>"; };
		EAA203E02AB0B5C800F5AE62 /* Photo.swift */ = {isa = PBXFileReference; lastKnownFileType = sourcecode.swift; path = Photo.swift; sourceTree = "<group>"; };
		EAA203E32AB0B60400F5AE62 /* URL+.swift */ = {isa = PBXFileReference; lastKnownFileType = sourcecode.swift; path = "URL+.swift"; sourceTree = "<group>"; };
		EAA203E62AB0B6B200F5AE62 /* PhotoViewController.swift */ = {isa = PBXFileReference; lastKnownFileType = sourcecode.swift; path = PhotoViewController.swift; sourceTree = "<group>"; };
		EAA203EE2AB0B7CA00F5AE62 /* BaseViewController.swift */ = {isa = PBXFileReference; lastKnownFileType = sourcecode.swift; path = BaseViewController.swift; sourceTree = "<group>"; };
		EAA203F52AB0C4C300F5AE62 /* SearchResultViewController.swift */ = {isa = PBXFileReference; lastKnownFileType = sourcecode.swift; path = SearchResultViewController.swift; sourceTree = "<group>"; };
		EAA203F82AB0C6F300F5AE62 /* BaseCollectionViewCell.swift */ = {isa = PBXFileReference; lastKnownFileType = sourcecode.swift; path = BaseCollectionViewCell.swift; sourceTree = "<group>"; };
		EAA203FA2AB0C73700F5AE62 /* PhotoCollectionViewCell.swift */ = {isa = PBXFileReference; lastKnownFileType = sourcecode.swift; path = PhotoCollectionViewCell.swift; sourceTree = "<group>"; };
		EAA203FD2AB0C8D400F5AE62 /* ReusableProtocol.swift */ = {isa = PBXFileReference; lastKnownFileType = sourcecode.swift; path = ReusableProtocol.swift; sourceTree = "<group>"; };
		EAA204022AB0CF3400F5AE62 /* Observable.swift */ = {isa = PBXFileReference; lastKnownFileType = sourcecode.swift; path = Observable.swift; sourceTree = "<group>"; };
/* End PBXFileReference section */

/* Begin PBXFrameworksBuildPhase section */
		EAA203BE2AB09F9C00F5AE62 /* Frameworks */ = {
			isa = PBXFrameworksBuildPhase;
			buildActionMask = 2147483647;
			files = (
				EAA203F22AB0BCAB00F5AE62 /* SnapKit in Frameworks */,
			);
			runOnlyForDeploymentPostprocessing = 0;
		};
/* End PBXFrameworksBuildPhase section */

/* Begin PBXGroup section */
		EAA203B82AB09F9C00F5AE62 = {
			isa = PBXGroup;
			children = (
				EAA203C32AB09F9C00F5AE62 /* Unsplash */,
				EAA203C22AB09F9C00F5AE62 /* Products */,
			);
			sourceTree = "<group>";
		};
		EAA203C22AB09F9C00F5AE62 /* Products */ = {
			isa = PBXGroup;
			children = (
				EAA203C12AB09F9C00F5AE62 /* Unsplash.app */,
			);
			name = Products;
			sourceTree = "<group>";
		};
		EAA203C32AB09F9C00F5AE62 /* Unsplash */ = {
			isa = PBXGroup;
			children = (
				EAA203C42AB09F9C00F5AE62 /* AppDelegate.swift */,
				EAA203C62AB09F9C00F5AE62 /* SceneDelegate.swift */,
				EAA204022AB0CF3400F5AE62 /* Observable.swift */,
				EAA203FC2AB0C8C900F5AE62 /* Protocols */,
				EAA203E22AB0B5EB00F5AE62 /* Extensions */,
				EAA203DA2AB0B56500F5AE62 /* Network */,
				EAA203DF2AB0B5AC00F5AE62 /* Models */,
				EAA203ED2AB0B7AC00F5AE62 /* Base */,
				EAA203E52AB0B65A00F5AE62 /* ViewControllers */,
				EAA203F72AB0C60100F5AE62 /* Cells */,
				EAA203CA2AB09F9C00F5AE62 /* Main.storyboard */,
				EAA203CD2AB09F9D00F5AE62 /* Assets.xcassets */,
				EAA203CF2AB09F9D00F5AE62 /* LaunchScreen.storyboard */,
				EAA203D22AB09F9D00F5AE62 /* Info.plist */,
				EAA203D82AB0B51600F5AE62 /* APIKey.swift */,
			);
			path = Unsplash;
			sourceTree = "<group>";
		};
		EAA203DA2AB0B56500F5AE62 /* Network */ = {
			isa = PBXGroup;
			children = (
				EAA203DB2AB0B57000F5AE62 /* Endpoint.swift */,
				EAA203DD2AB0B59100F5AE62 /* UnsplashAPIManager.swift */,
			);
			path = Network;
			sourceTree = "<group>";
		};
		EAA203DF2AB0B5AC00F5AE62 /* Models */ = {
			isa = PBXGroup;
			children = (
				EAA203E02AB0B5C800F5AE62 /* Photo.swift */,
			);
			path = Models;
			sourceTree = "<group>";
		};
		EAA203E22AB0B5EB00F5AE62 /* Extensions */ = {
			isa = PBXGroup;
			children = (
				EAA203E32AB0B60400F5AE62 /* URL+.swift */,
			);
			path = Extensions;
			sourceTree = "<group>";
		};
		EAA203E52AB0B65A00F5AE62 /* ViewControllers */ = {
			isa = PBXGroup;
			children = (
				EAA203E62AB0B6B200F5AE62 /* PhotoViewController.swift */,
				EAA203F52AB0C4C300F5AE62 /* SearchResultViewController.swift */,
			);
			path = ViewControllers;
			sourceTree = "<group>";
		};
		EAA203ED2AB0B7AC00F5AE62 /* Base */ = {
			isa = PBXGroup;
			children = (
				EAA203EE2AB0B7CA00F5AE62 /* BaseViewController.swift */,
				EAA203F82AB0C6F300F5AE62 /* BaseCollectionViewCell.swift */,
			);
			path = Base;
			sourceTree = "<group>";
		};
		EAA203F72AB0C60100F5AE62 /* Cells */ = {
			isa = PBXGroup;
			children = (
				EAA203FA2AB0C73700F5AE62 /* PhotoCollectionViewCell.swift */,
			);
			path = Cells;
			sourceTree = "<group>";
		};
		EAA203FC2AB0C8C900F5AE62 /* Protocols */ = {
			isa = PBXGroup;
			children = (
				EAA203FD2AB0C8D400F5AE62 /* ReusableProtocol.swift */,
			);
			path = Protocols;
			sourceTree = "<group>";
		};
/* End PBXGroup section */

/* Begin PBXNativeTarget section */
		EAA203C02AB09F9C00F5AE62 /* Unsplash */ = {
			isa = PBXNativeTarget;
			buildConfigurationList = EAA203D52AB09F9D00F5AE62 /* Build configuration list for PBXNativeTarget "Unsplash" */;
			buildPhases = (
				EAA203BD2AB09F9C00F5AE62 /* Sources */,
				EAA203BE2AB09F9C00F5AE62 /* Frameworks */,
				EAA203BF2AB09F9C00F5AE62 /* Resources */,
			);
			buildRules = (
			);
			dependencies = (
			);
			name = Unsplash;
			packageProductDependencies = (
				EAA203F12AB0BCAB00F5AE62 /* SnapKit */,
			);
			productName = Unsplash;
			productReference = EAA203C12AB09F9C00F5AE62 /* Unsplash.app */;
			productType = "com.apple.product-type.application";
		};
/* End PBXNativeTarget section */

/* Begin PBXProject section */
		EAA203B92AB09F9C00F5AE62 /* Project object */ = {
			isa = PBXProject;
			attributes = {
				BuildIndependentTargetsInParallel = 1;
				LastSwiftUpdateCheck = 1430;
				LastUpgradeCheck = 1430;
				TargetAttributes = {
					EAA203C02AB09F9C00F5AE62 = {
						CreatedOnToolsVersion = 14.3.1;
					};
				};
			};
			buildConfigurationList = EAA203BC2AB09F9C00F5AE62 /* Build configuration list for PBXProject "Unsplash" */;
			compatibilityVersion = "Xcode 14.0";
			developmentRegion = en;
			hasScannedForEncodings = 0;
			knownRegions = (
				en,
				Base,
			);
			mainGroup = EAA203B82AB09F9C00F5AE62;
			packageReferences = (
				EAA203F02AB0BCAB00F5AE62 /* XCRemoteSwiftPackageReference "SnapKit" */,
			);
			productRefGroup = EAA203C22AB09F9C00F5AE62 /* Products */;
			projectDirPath = "";
			projectRoot = "";
			targets = (
				EAA203C02AB09F9C00F5AE62 /* Unsplash */,
			);
		};
/* End PBXProject section */

/* Begin PBXResourcesBuildPhase section */
		EAA203BF2AB09F9C00F5AE62 /* Resources */ = {
			isa = PBXResourcesBuildPhase;
			buildActionMask = 2147483647;
			files = (
				EAA203D12AB09F9D00F5AE62 /* LaunchScreen.storyboard in Resources */,
				EAA203CE2AB09F9D00F5AE62 /* Assets.xcassets in Resources */,
				EAA203CC2AB09F9C00F5AE62 /* Main.storyboard in Resources */,
			);
			runOnlyForDeploymentPostprocessing = 0;
		};
/* End PBXResourcesBuildPhase section */

/* Begin PBXSourcesBuildPhase section */
		EAA203BD2AB09F9C00F5AE62 /* Sources */ = {
			isa = PBXSourcesBuildPhase;
			buildActionMask = 2147483647;
			files = (
				EAA203E12AB0B5C800F5AE62 /* Photo.swift in Sources */,
				EAA204032AB0CF3400F5AE62 /* Observable.swift in Sources */,
				EAA203C52AB09F9C00F5AE62 /* AppDelegate.swift in Sources */,
				EAA203E42AB0B60400F5AE62 /* URL+.swift in Sources */,
				EAA203FE2AB0C8D400F5AE62 /* ReusableProtocol.swift in Sources */,
				EAA203DE2AB0B59100F5AE62 /* UnsplashAPIManager.swift in Sources */,
				EAA203F92AB0C6F300F5AE62 /* BaseCollectionViewCell.swift in Sources */,
				EAA203FB2AB0C73700F5AE62 /* PhotoCollectionViewCell.swift in Sources */,
				EAA203F62AB0C4C300F5AE62 /* SearchResultViewController.swift in Sources */,
				EAA203D92AB0B51600F5AE62 /* APIKey.swift in Sources */,
				EAA203EF2AB0B7CA00F5AE62 /* BaseViewController.swift in Sources */,
				EAA203E72AB0B6B200F5AE62 /* PhotoViewController.swift in Sources */,
				EAA203C72AB09F9C00F5AE62 /* SceneDelegate.swift in Sources */,
				EAA203DC2AB0B57000F5AE62 /* Endpoint.swift in Sources */,
			);
			runOnlyForDeploymentPostprocessing = 0;
		};
/* End PBXSourcesBuildPhase section */

/* Begin PBXVariantGroup section */
		EAA203CA2AB09F9C00F5AE62 /* Main.storyboard */ = {
			isa = PBXVariantGroup;
			children = (
				EAA203CB2AB09F9C00F5AE62 /* Base */,
			);
			name = Main.storyboard;
			sourceTree = "<group>";
		};
		EAA203CF2AB09F9D00F5AE62 /* LaunchScreen.storyboard */ = {
			isa = PBXVariantGroup;
			children = (
				EAA203D02AB09F9D00F5AE62 /* Base */,
			);
			name = LaunchScreen.storyboard;
			sourceTree = "<group>";
		};
/* End PBXVariantGroup section */

/* Begin XCBuildConfiguration section */
		EAA203D32AB09F9D00F5AE62 /* Debug */ = {
			isa = XCBuildConfiguration;
			buildSettings = {
				ALWAYS_SEARCH_USER_PATHS = NO;
				CLANG_ANALYZER_NONNULL = YES;
				CLANG_ANALYZER_NUMBER_OBJECT_CONVERSION = YES_AGGRESSIVE;
				CLANG_CXX_LANGUAGE_STANDARD = "gnu++20";
				CLANG_ENABLE_MODULES = YES;
				CLANG_ENABLE_OBJC_ARC = YES;
				CLANG_ENABLE_OBJC_WEAK = YES;
				CLANG_WARN_BLOCK_CAPTURE_AUTORELEASING = YES;
				CLANG_WARN_BOOL_CONVERSION = YES;
				CLANG_WARN_COMMA = YES;
				CLANG_WARN_CONSTANT_CONVERSION = YES;
				CLANG_WARN_DEPRECATED_OBJC_IMPLEMENTATIONS = YES;
				CLANG_WARN_DIRECT_OBJC_ISA_USAGE = YES_ERROR;
				CLANG_WARN_DOCUMENTATION_COMMENTS = YES;
				CLANG_WARN_EMPTY_BODY = YES;
				CLANG_WARN_ENUM_CONVERSION = YES;
				CLANG_WARN_INFINITE_RECURSION = YES;
				CLANG_WARN_INT_CONVERSION = YES;
				CLANG_WARN_NON_LITERAL_NULL_CONVERSION = YES;
				CLANG_WARN_OBJC_IMPLICIT_RETAIN_SELF = YES;
				CLANG_WARN_OBJC_LITERAL_CONVERSION = YES;
				CLANG_WARN_OBJC_ROOT_CLASS = YES_ERROR;
				CLANG_WARN_QUOTED_INCLUDE_IN_FRAMEWORK_HEADER = YES;
				CLANG_WARN_RANGE_LOOP_ANALYSIS = YES;
				CLANG_WARN_STRICT_PROTOTYPES = YES;
				CLANG_WARN_SUSPICIOUS_MOVE = YES;
				CLANG_WARN_UNGUARDED_AVAILABILITY = YES_AGGRESSIVE;
				CLANG_WARN_UNREACHABLE_CODE = YES;
				CLANG_WARN__DUPLICATE_METHOD_MATCH = YES;
				COPY_PHASE_STRIP = NO;
				DEBUG_INFORMATION_FORMAT = dwarf;
				ENABLE_STRICT_OBJC_MSGSEND = YES;
				ENABLE_TESTABILITY = YES;
				GCC_C_LANGUAGE_STANDARD = gnu11;
				GCC_DYNAMIC_NO_PIC = NO;
				GCC_NO_COMMON_BLOCKS = YES;
				GCC_OPTIMIZATION_LEVEL = 0;
				GCC_PREPROCESSOR_DEFINITIONS = (
					"DEBUG=1",
					"$(inherited)",
				);
				GCC_WARN_64_TO_32_BIT_CONVERSION = YES;
				GCC_WARN_ABOUT_RETURN_TYPE = YES_ERROR;
				GCC_WARN_UNDECLARED_SELECTOR = YES;
				GCC_WARN_UNINITIALIZED_AUTOS = YES_AGGRESSIVE;
				GCC_WARN_UNUSED_FUNCTION = YES;
				GCC_WARN_UNUSED_VARIABLE = YES;
				IPHONEOS_DEPLOYMENT_TARGET = 16.4;
				MTL_ENABLE_DEBUG_INFO = INCLUDE_SOURCE;
				MTL_FAST_MATH = YES;
				ONLY_ACTIVE_ARCH = YES;
				SDKROOT = iphoneos;
				SWIFT_ACTIVE_COMPILATION_CONDITIONS = DEBUG;
				SWIFT_OPTIMIZATION_LEVEL = "-Onone";
			};
			name = Debug;
		};
		EAA203D42AB09F9D00F5AE62 /* Release */ = {
			isa = XCBuildConfiguration;
			buildSettings = {
				ALWAYS_SEARCH_USER_PATHS = NO;
				CLANG_ANALYZER_NONNULL = YES;
				CLANG_ANALYZER_NUMBER_OBJECT_CONVERSION = YES_AGGRESSIVE;
				CLANG_CXX_LANGUAGE_STANDARD = "gnu++20";
				CLANG_ENABLE_MODULES = YES;
				CLANG_ENABLE_OBJC_ARC = YES;
				CLANG_ENABLE_OBJC_WEAK = YES;
				CLANG_WARN_BLOCK_CAPTURE_AUTORELEASING = YES;
				CLANG_WARN_BOOL_CONVERSION = YES;
				CLANG_WARN_COMMA = YES;
				CLANG_WARN_CONSTANT_CONVERSION = YES;
				CLANG_WARN_DEPRECATED_OBJC_IMPLEMENTATIONS = YES;
				CLANG_WARN_DIRECT_OBJC_ISA_USAGE = YES_ERROR;
				CLANG_WARN_DOCUMENTATION_COMMENTS = YES;
				CLANG_WARN_EMPTY_BODY = YES;
				CLANG_WARN_ENUM_CONVERSION = YES;
				CLANG_WARN_INFINITE_RECURSION = YES;
				CLANG_WARN_INT_CONVERSION = YES;
				CLANG_WARN_NON_LITERAL_NULL_CONVERSION = YES;
				CLANG_WARN_OBJC_IMPLICIT_RETAIN_SELF = YES;
				CLANG_WARN_OBJC_LITERAL_CONVERSION = YES;
				CLANG_WARN_OBJC_ROOT_CLASS = YES_ERROR;
				CLANG_WARN_QUOTED_INCLUDE_IN_FRAMEWORK_HEADER = YES;
				CLANG_WARN_RANGE_LOOP_ANALYSIS = YES;
				CLANG_WARN_STRICT_PROTOTYPES = YES;
				CLANG_WARN_SUSPICIOUS_MOVE = YES;
				CLANG_WARN_UNGUARDED_AVAILABILITY = YES_AGGRESSIVE;
				CLANG_WARN_UNREACHABLE_CODE = YES;
				CLANG_WARN__DUPLICATE_METHOD_MATCH = YES;
				COPY_PHASE_STRIP = NO;
				DEBUG_INFORMATION_FORMAT = "dwarf-with-dsym";
				ENABLE_NS_ASSERTIONS = NO;
				ENABLE_STRICT_OBJC_MSGSEND = YES;
				GCC_C_LANGUAGE_STANDARD = gnu11;
				GCC_NO_COMMON_BLOCKS = YES;
				GCC_WARN_64_TO_32_BIT_CONVERSION = YES;
				GCC_WARN_ABOUT_RETURN_TYPE = YES_ERROR;
				GCC_WARN_UNDECLARED_SELECTOR = YES;
				GCC_WARN_UNINITIALIZED_AUTOS = YES_AGGRESSIVE;
				GCC_WARN_UNUSED_FUNCTION = YES;
				GCC_WARN_UNUSED_VARIABLE = YES;
				IPHONEOS_DEPLOYMENT_TARGET = 16.4;
				MTL_ENABLE_DEBUG_INFO = NO;
				MTL_FAST_MATH = YES;
				SDKROOT = iphoneos;
				SWIFT_COMPILATION_MODE = wholemodule;
				SWIFT_OPTIMIZATION_LEVEL = "-O";
				VALIDATE_PRODUCT = YES;
			};
			name = Release;
		};
		EAA203D62AB09F9D00F5AE62 /* Debug */ = {
			isa = XCBuildConfiguration;
			buildSettings = {
				ASSETCATALOG_COMPILER_APPICON_NAME = AppIcon;
				ASSETCATALOG_COMPILER_GLOBAL_ACCENT_COLOR_NAME = AccentColor;
				CODE_SIGN_STYLE = Automatic;
				CURRENT_PROJECT_VERSION = 1;
				DEVELOPMENT_TEAM = R5LJ29W6V2;
				GENERATE_INFOPLIST_FILE = YES;
				INFOPLIST_FILE = Unsplash/Info.plist;
				INFOPLIST_KEY_UIApplicationSupportsIndirectInputEvents = YES;
				INFOPLIST_KEY_UILaunchStoryboardName = LaunchScreen;
				INFOPLIST_KEY_UIMainStoryboardFile = Main;
				INFOPLIST_KEY_UISupportedInterfaceOrientations = UIInterfaceOrientationPortrait;
				INFOPLIST_KEY_UISupportedInterfaceOrientations_iPad = "UIInterfaceOrientationLandscapeLeft UIInterfaceOrientationLandscapeRight UIInterfaceOrientationPortrait UIInterfaceOrientationPortraitUpsideDown";
				IPHONEOS_DEPLOYMENT_TARGET = 16.0;
				LD_RUNPATH_SEARCH_PATHS = (
					"$(inherited)",
					"@executable_path/Frameworks",
				);
				MARKETING_VERSION = 1.0;
				PRODUCT_BUNDLE_IDENTIFIER = com.chap.Unsplash;
				PRODUCT_NAME = "$(TARGET_NAME)";
				SUPPORTED_PLATFORMS = "iphoneos iphonesimulator";
				SUPPORTS_MACCATALYST = NO;
				SUPPORTS_MAC_DESIGNED_FOR_IPHONE_IPAD = NO;
				SWIFT_EMIT_LOC_STRINGS = YES;
				SWIFT_VERSION = 5.0;
				TARGETED_DEVICE_FAMILY = 1;
			};
			name = Debug;
		};
		EAA203D72AB09F9D00F5AE62 /* Release */ = {
			isa = XCBuildConfiguration;
			buildSettings = {
				ASSETCATALOG_COMPILER_APPICON_NAME = AppIcon;
				ASSETCATALOG_COMPILER_GLOBAL_ACCENT_COLOR_NAME = AccentColor;
				CODE_SIGN_STYLE = Automatic;
				CURRENT_PROJECT_VERSION = 1;
				DEVELOPMENT_TEAM = R5LJ29W6V2;
				GENERATE_INFOPLIST_FILE = YES;
				INFOPLIST_FILE = Unsplash/Info.plist;
				INFOPLIST_KEY_UIApplicationSupportsIndirectInputEvents = YES;
				INFOPLIST_KEY_UILaunchStoryboardName = LaunchScreen;
				INFOPLIST_KEY_UIMainStoryboardFile = Main;
				INFOPLIST_KEY_UISupportedInterfaceOrientations = UIInterfaceOrientationPortrait;
				INFOPLIST_KEY_UISupportedInterfaceOrientations_iPad = "UIInterfaceOrientationLandscapeLeft UIInterfaceOrientationLandscapeRight UIInterfaceOrientationPortrait UIInterfaceOrientationPortraitUpsideDown";
				IPHONEOS_DEPLOYMENT_TARGET = 16.0;
				LD_RUNPATH_SEARCH_PATHS = (
					"$(inherited)",
					"@executable_path/Frameworks",
				);
				MARKETING_VERSION = 1.0;
				PRODUCT_BUNDLE_IDENTIFIER = com.chap.Unsplash;
				PRODUCT_NAME = "$(TARGET_NAME)";
				SUPPORTED_PLATFORMS = "iphoneos iphonesimulator";
				SUPPORTS_MACCATALYST = NO;
				SUPPORTS_MAC_DESIGNED_FOR_IPHONE_IPAD = NO;
				SWIFT_EMIT_LOC_STRINGS = YES;
				SWIFT_VERSION = 5.0;
				TARGETED_DEVICE_FAMILY = 1;
			};
			name = Release;
		};
/* End XCBuildConfiguration section */

/* Begin XCConfigurationList section */
		EAA203BC2AB09F9C00F5AE62 /* Build configuration list for PBXProject "Unsplash" */ = {
			isa = XCConfigurationList;
			buildConfigurations = (
				EAA203D32AB09F9D00F5AE62 /* Debug */,
				EAA203D42AB09F9D00F5AE62 /* Release */,
			);
			defaultConfigurationIsVisible = 0;
			defaultConfigurationName = Release;
		};
		EAA203D52AB09F9D00F5AE62 /* Build configuration list for PBXNativeTarget "Unsplash" */ = {
			isa = XCConfigurationList;
			buildConfigurations = (
				EAA203D62AB09F9D00F5AE62 /* Debug */,
				EAA203D72AB09F9D00F5AE62 /* Release */,
			);
			defaultConfigurationIsVisible = 0;
			defaultConfigurationName = Release;
		};
/* End XCConfigurationList section */

/* Begin XCRemoteSwiftPackageReference section */
		EAA203F02AB0BCAB00F5AE62 /* XCRemoteSwiftPackageReference "SnapKit" */ = {
			isa = XCRemoteSwiftPackageReference;
			repositoryURL = "https://github.com/SnapKit/SnapKit";
			requirement = {
				kind = upToNextMajorVersion;
				minimumVersion = 5.0.0;
			};
		};
/* End XCRemoteSwiftPackageReference section */

/* Begin XCSwiftPackageProductDependency section */
		EAA203F12AB0BCAB00F5AE62 /* SnapKit */ = {
			isa = XCSwiftPackageProductDependency;
			package = EAA203F02AB0BCAB00F5AE62 /* XCRemoteSwiftPackageReference "SnapKit" */;
			productName = SnapKit;
		};
/* End XCSwiftPackageProductDependency section */
	};
	rootObject = EAA203B92AB09F9C00F5AE62 /* Project object */;
}
